// !$*UTF8*$!
{
	archiveVersion = 1;
	classes = {
	};
	objectVersion = 46;
	objects = {

/* Begin PBXBuildFile section */
		877B51F01DFFE07900644178 /* AppDelegate.swift in Sources */ = {isa = PBXBuildFile; fileRef = 877B51EF1DFFE07900644178 /* AppDelegate.swift */; };
		877B51F21DFFE07900644178 /* ViewController.swift in Sources */ = {isa = PBXBuildFile; fileRef = 877B51F11DFFE07900644178 /* ViewController.swift */; };
		877B51F51DFFE07A00644178 /* Main.storyboard in Resources */ = {isa = PBXBuildFile; fileRef = 877B51F31DFFE07A00644178 /* Main.storyboard */; };
		877B51F71DFFE07A00644178 /* Assets.xcassets in Resources */ = {isa = PBXBuildFile; fileRef = 877B51F61DFFE07A00644178 /* Assets.xcassets */; };
		877B51FA1DFFE07A00644178 /* LaunchScreen.storyboard in Resources */ = {isa = PBXBuildFile; fileRef = 877B51F81DFFE07A00644178 /* LaunchScreen.storyboard */; };
/* End PBXBuildFile section */

/* Begin PBXFileReference section */
		877B51EC1DFFE07900644178 /* GFileTest1ByS3.app */ = {isa = PBXFileReference; explicitFileType = wrapper.application; includeInIndex = 0; path = GFileTest1ByS3.app; sourceTree = BUILT_PRODUCTS_DIR; };
		877B51EF1DFFE07900644178 /* AppDelegate.swift */ = {isa = PBXFileReference; lastKnownFileType = sourcecode.swift; path = AppDelegate.swift; sourceTree = "<group>"; };
		877B51F11DFFE07900644178 /* ViewController.swift */ = {isa = PBXFileReference; lastKnownFileType = sourcecode.swift; path = ViewController.swift; sourceTree = "<group>"; };
		877B51F41DFFE07A00644178 /* Base */ = {isa = PBXFileReference; lastKnownFileType = file.storyboard; name = Base; path = Base.lproj/Main.storyboard; sourceTree = "<group>"; };
		877B51F61DFFE07A00644178 /* Assets.xcassets */ = {isa = PBXFileReference; lastKnownFileType = folder.assetcatalog; path = Assets.xcassets; sourceTree = "<group>"; };
		877B51F91DFFE07A00644178 /* Base */ = {isa = PBXFileReference; lastKnownFileType = file.storyboard; name = Base; path = Base.lproj/LaunchScreen.storyboard; sourceTree = "<group>"; };
		877B51FB1DFFE07A00644178 /* Info.plist */ = {isa = PBXFileReference; lastKnownFileType = text.plist.xml; path = Info.plist; sourceTree = "<group>"; };
/* End PBXFileReference section */

/* Begin PBXFrameworksBuildPhase section */
		877B51E91DFFE07900644178 /* Frameworks */ = {
			isa = PBXFrameworksBuildPhase;
			buildActionMask = 2147483647;
			files = (
			);
			runOnlyForDeploymentPostprocessing = 0;
		};
/* End PBXFrameworksBuildPhase section */

/* Begin PBXGroup section */
		877B51E31DFFE07900644178 = {
			isa = PBXGroup;
			children = (
				877B51EE1DFFE07900644178 /* GFileTest1ByS3 */,
				877B51ED1DFFE07900644178 /* Products */,
			);
			sourceTree = "<group>";
		};
		877B51ED1DFFE07900644178 /* Products */ = {
			isa = PBXGroup;
			children = (
				877B51EC1DFFE07900644178 /* GFileTest1ByS3.app */,
			);
			name = Products;
			sourceTree = "<group>";
		};
		877B51EE1DFFE07900644178 /* GFileTest1ByS3 */ = {
			isa = PBXGroup;
			children = (
				877B51EF1DFFE07900644178 /* AppDelegate.swift */,
				877B51F11DFFE07900644178 /* ViewController.swift */,
				877B51F31DFFE07A00644178 /* Main.storyboard */,
				877B51F61DFFE07A00644178 /* Assets.xcassets */,
				877B51F81DFFE07A00644178 /* LaunchScreen.storyboard */,
				877B51FB1DFFE07A00644178 /* Info.plist */,
			);
			path = GFileTest1ByS3;
			sourceTree = "<group>";
		};
/* End PBXGroup section */

/* Begin PBXNativeTarget section */
		877B51EB1DFFE07900644178 /* GFileTest1ByS3 */ = {
			isa = PBXNativeTarget;
			buildConfigurationList = 877B51FE1DFFE07A00644178 /* Build configuration list for PBXNativeTarget "GFileTest1ByS3" */;
			buildPhases = (
				877B51E81DFFE07900644178 /* Sources */,
				877B51E91DFFE07900644178 /* Frameworks */,
				877B51EA1DFFE07900644178 /* Resources */,
			);
			buildRules = (
			);
			dependencies = (
			);
			name = GFileTest1ByS3;
			productName = GFileTest1ByS3;
			productReference = 877B51EC1DFFE07900644178 /* GFileTest1ByS3.app */;
			productType = "com.apple.product-type.application";
		};
/* End PBXNativeTarget section */

/* Begin PBXProject section */
		877B51E41DFFE07900644178 /* Project object */ = {
			isa = PBXProject;
			attributes = {
				LastSwiftUpdateCheck = 0810;
				LastUpgradeCheck = 0810;
				ORGANIZATIONNAME = ihuasheng;
				TargetAttributes = {
					877B51EB1DFFE07900644178 = {
						CreatedOnToolsVersion = 8.1;
						ProvisioningStyle = Automatic;
					};
				};
			};
			buildConfigurationList = 877B51E71DFFE07900644178 /* Build configuration list for PBXProject "GFileTest1ByS3" */;
			compatibilityVersion = "Xcode 3.2";
			developmentRegion = English;
			hasScannedForEncodings = 0;
			knownRegions = (
				en,
				Base,
			);
			mainGroup = 877B51E31DFFE07900644178;
			productRefGroup = 877B51ED1DFFE07900644178 /* Products */;
			projectDirPath = "";
			projectRoot = "";
			targets = (
				877B51EB1DFFE07900644178 /* GFileTest1ByS3 */,
			);
		};
/* End PBXProject section */

/* Begin PBXResourcesBuildPhase section */
		877B51EA1DFFE07900644178 /* Resources */ = {
			isa = PBXResourcesBuildPhase;
			buildActionMask = 2147483647;
			files = (
				877B51FA1DFFE07A00644178 /* LaunchScreen.storyboard in Resources */,
				877B51F71DFFE07A00644178 /* Assets.xcassets in Resources */,
				877B51F51DFFE07A00644178 /* Main.storyboard in Resources */,
			);
			runOnlyForDeploymentPostprocessing = 0;
		};
/* End PBXResourcesBuildPhase section */

/* Begin PBXSourcesBuildPhase section */
		877B51E81DFFE07900644178 /* Sources */ = {
			isa = PBXSourcesBuildPhase;
			buildActionMask = 2147483647;
			files = (
				877B51F21DFFE07900644178 /* ViewController.swift in Sources */,
				877B51F01DFFE07900644178 /* AppDelegate.swift in Sources */,
			);
			runOnlyForDeploymentPostprocessing = 0;
		};
/* End PBXSourcesBuildPhase section */

/* Begin PBXVariantGroup section */
		877B51F31DFFE07A00644178 /* Main.storyboard */ = {
			isa = PBXVariantGroup;
			children = (
				877B51F41DFFE07A00644178 /* Base */,
			);
			name = Main.storyboard;
			sourceTree = "<group>";
		};
		877B51F81DFFE07A00644178 /* LaunchScreen.storyboard */ = {
			isa = PBXVariantGroup;
			children = (
				877B51F91DFFE07A00644178 /* Base */,
			);
			name = LaunchScreen.storyboard;
			sourceTree = "<group>";
		};
/* End PBXVariantGroup section */

/* Begin XCBuildConfiguration section */
		877B51FC1DFFE07A00644178 /* Debug */ = {
			isa = XCBuildConfiguration;
			buildSettings = {
				ALWAYS_SEARCH_USER_PATHS = NO;
				CLANG_ANALYZER_NONNULL = YES;
				CLANG_CXX_LANGUAGE_STANDARD = "gnu++0x";
				CLANG_CXX_LIBRARY = "libc++";
				CLANG_ENABLE_MODULES = YES;
				CLANG_ENABLE_OBJC_ARC = YES;
				CLANG_WARN_BOOL_CONVERSION = YES;
				CLANG_WARN_CONSTANT_CONVERSION = YES;
				CLANG_WARN_DIRECT_OBJC_ISA_USAGE = YES_ERROR;
				CLANG_WARN_DOCUMENTATION_COMMENTS = YES;
				CLANG_WARN_EMPTY_BODY = YES;
				CLANG_WARN_ENUM_CONVERSION = YES;
				CLANG_WARN_INFINITE_RECURSION = YES;
				CLANG_WARN_INT_CONVERSION = YES;
				CLANG_WARN_OBJC_ROOT_CLASS = YES_ERROR;
				CLANG_WARN_SUSPICIOUS_MOVES = YES;
				CLANG_WARN_UNREACHABLE_CODE = YES;
				CLANG_WARN__DUPLICATE_METHOD_MATCH = YES;
				"CODE_SIGN_IDENTITY[sdk=iphoneos*]" = "iPhone Developer";
				COPY_PHASE_STRIP = NO;
				DEBUG_INFORMATION_FORMAT = dwarf;
				ENABLE_STRICT_OBJC_MSGSEND = YES;
				ENABLE_TESTABILITY = YES;
				GCC_C_LANGUAGE_STANDARD = gnu99;
				GCC_DYNAMIC_NO_PIC = NO;
				GCC_NO_COMMON_BLOCKS = YES;
				GCC_OPTIMIZATION_LEVEL = 0;
				GCC_PREPROCESSOR_DEFINITIONS = (
					"DEBUG=1",
					"$(inherited)",
				);
				GCC_WARN_64_TO_32_BIT_CONVERSION = YES;
				GCC_WARN_ABOUT_RETURN_TYPE = YES_ERROR;
				GCC_WARN_UNDECLARED_SELECTOR = YES;
				GCC_WARN_UNINITIALIZED_AUTOS = YES_AGGRESSIVE;
				GCC_WARN_UNUSED_FUNCTION = YES;
				GCC_WARN_UNUSED_VARIABLE = YES;
				IPHONEOS_DEPLOYMENT_TARGET = 10.1;
				MTL_ENABLE_DEBUG_INFO = YES;
				ONLY_ACTIVE_ARCH = YES;
				SDKROOT = iphoneos;
				SWIFT_ACTIVE_COMPILATION_CONDITIONS = DEBUG;
				SWIFT_OPTIMIZATION_LEVEL = "-Onone";
			};
			name = Debug;
		};
		877B51FD1DFFE07A00644178 /* Release */ = {
			isa = XCBuildConfiguration;
			buildSettings = {
				ALWAYS_SEARCH_USER_PATHS = NO;
				CLANG_ANALYZER_NONNULL = YES;
				CLANG_CXX_LANGUAGE_STANDARD = "gnu++0x";
				CLANG_CXX_LIBRARY = "libc++";
				CLANG_ENABLE_MODULES = YES;
				CLANG_ENABLE_OBJC_ARC = YES;
				CLANG_WARN_BOOL_CONVERSION = YES;
				CLANG_WARN_CONSTANT_CONVERSION = YES;
				CLANG_WARN_DIRECT_OBJC_ISA_USAGE = YES_ERROR;
				CLANG_WARN_DOCUMENTATION_COMMENTS = YES;
				CLANG_WARN_EMPTY_BODY = YES;
				CLANG_WARN_ENUM_CONVERSION = YES;
				CLANG_WARN_INFINITE_RECURSION = YES;
				CLANG_WARN_INT_CONVERSION = YES;
				CLANG_WARN_OBJC_ROOT_CLASS = YES_ERROR;
				CLANG_WARN_SUSPICIOUS_MOVES = YES;
				CLANG_WARN_UNREACHABLE_CODE = YES;
				CLANG_WARN__DUPLICATE_METHOD_MATCH = YES;
				"CODE_SIGN_IDENTITY[sdk=iphoneos*]" = "iPhone Developer";
				COPY_PHASE_STRIP = NO;
				DEBUG_INFORMATION_FORMAT = "dwarf-with-dsym";
				ENABLE_NS_ASSERTIONS = NO;
				ENABLE_STRICT_OBJC_MSGSEND = YES;
				GCC_C_LANGUAGE_STANDARD = gnu99;
				GCC_NO_COMMON_BLOCKS = YES;
				GCC_WARN_64_TO_32_BIT_CONVERSION = YES;
				GCC_WARN_ABOUT_RETURN_TYPE = YES_ERROR;
				GCC_WARN_UNDECLARED_SELECTOR = YES;
				GCC_WARN_UNINITIALIZED_AUTOS = YES_AGGRESSIVE;
				GCC_WARN_UNUSED_FUNCTION = YES;
				GCC_WARN_UNUSED_VARIABLE = YES;
				IPHONEOS_DEPLOYMENT_TARGET = 10.1;
				MTL_ENABLE_DEBUG_INFO = NO;
				SDKROOT = iphoneos;
				SWIFT_OPTIMIZATION_LEVEL = "-Owholemodule";
				VALIDATE_PRODUCT = YES;
			};
			name = Release;
		};
		877B51FF1DFFE07A00644178 /* Debug */ = {
			isa = XCBuildConfiguration;
			buildSettings = {
				ASSETCATALOG_COMPILER_APPICON_NAME = AppIcon;
				INFOPLIST_FILE = GFileTest1ByS3/Info.plist;
				LD_RUNPATH_SEARCH_PATHS = "$(inherited) @executable_path/Frameworks";
				PRODUCT_BUNDLE_IDENTIFIER = com.ihuasheng.GFileTest1ByS3;
				PRODUCT_NAME = "$(TARGET_NAME)";
				SWIFT_VERSION = 3.0;
			};
			name = Debug;
		};
		877B52001DFFE07A00644178 /* Release */ = {
			isa = XCBuildConfiguration;
			buildSettings = {
				ASSETCATALOG_COMPILER_APPICON_NAME = AppIcon;
				INFOPLIST_FILE = GFileTest1ByS3/Info.plist;
				LD_RUNPATH_SEARCH_PATHS = "$(inherited) @executable_path/Frameworks";
				PRODUCT_BUNDLE_IDENTIFIER = com.ihuasheng.GFileTest1ByS3;
				PRODUCT_NAME = "$(TARGET_NAME)";
				SWIFT_VERSION = 3.0;
			};
			name = Release;
		};
/* End XCBuildConfiguration section */

/* Begin XCConfigurationList section */
		877B51E71DFFE07900644178 /* Build configuration list for PBXProject "GFileTest1ByS3" */ = {
			isa = XCConfigurationList;
			buildConfigurations = (
				877B51FC1DFFE07A00644178 /* Debug */,
				877B51FD1DFFE07A00644178 /* Release */,
			);
			defaultConfigurationIsVisible = 0;
			defaultConfigurationName = Release;
		};
		877B51FE1DFFE07A00644178 /* Build configuration list for PBXNativeTarget "GFileTest1ByS3" */ = {
			isa = XCConfigurationList;
			buildConfigurations = (
				877B51FF1DFFE07A00644178 /* Debug */,
				877B52001DFFE07A00644178 /* Release */,
			);
			defaultConfigurationIsVisible = 0;
		};
/* End XCConfigurationList section */
	};
	rootObject = 877B51E41DFFE07900644178 /* Project object */;
}
