// !$*UTF8*$!
{
	archiveVersion = 1;
	classes = {
	};
	objectVersion = 46;
	objects = {

/* Begin PBXBuildFile section */
		87898B591DF6A01B00913BA5 /* ItemCell.swift in Sources */ = {isa = PBXBuildFile; fileRef = 87898B581DF6A01B00913BA5 /* ItemCell.swift */; };
		87CBC58D1DF5585000994E94 /* AppDelegate.swift in Sources */ = {isa = PBXBuildFile; fileRef = 87CBC58C1DF5585000994E94 /* AppDelegate.swift */; };
		87CBC58F1DF5585000994E94 /* ViewController.swift in Sources */ = {isa = PBXBuildFile; fileRef = 87CBC58E1DF5585000994E94 /* ViewController.swift */; };
		87CBC5921DF5585000994E94 /* Main.storyboard in Resources */ = {isa = PBXBuildFile; fileRef = 87CBC5901DF5585000994E94 /* Main.storyboard */; };
		87CBC5941DF5585000994E94 /* Assets.xcassets in Resources */ = {isa = PBXBuildFile; fileRef = 87CBC5931DF5585000994E94 /* Assets.xcassets */; };
		87CBC5971DF5585000994E94 /* LaunchScreen.storyboard in Resources */ = {isa = PBXBuildFile; fileRef = 87CBC5951DF5585000994E94 /* LaunchScreen.storyboard */; };
/* End PBXBuildFile section */

/* Begin PBXFileReference section */
		87898B581DF6A01B00913BA5 /* ItemCell.swift */ = {isa = PBXFileReference; fileEncoding = 4; lastKnownFileType = sourcecode.swift; path = ItemCell.swift; sourceTree = "<group>"; };
		87CBC5891DF5585000994E94 /* GTableViewTestByS3.app */ = {isa = PBXFileReference; explicitFileType = wrapper.application; includeInIndex = 0; path = GTableViewTestByS3.app; sourceTree = BUILT_PRODUCTS_DIR; };
		87CBC58C1DF5585000994E94 /* AppDelegate.swift */ = {isa = PBXFileReference; lastKnownFileType = sourcecode.swift; path = AppDelegate.swift; sourceTree = "<group>"; };
		87CBC58E1DF5585000994E94 /* ViewController.swift */ = {isa = PBXFileReference; lastKnownFileType = sourcecode.swift; path = ViewController.swift; sourceTree = "<group>"; };
		87CBC5911DF5585000994E94 /* Base */ = {isa = PBXFileReference; lastKnownFileType = file.storyboard; name = Base; path = Base.lproj/Main.storyboard; sourceTree = "<group>"; };
		87CBC5931DF5585000994E94 /* Assets.xcassets */ = {isa = PBXFileReference; lastKnownFileType = folder.assetcatalog; path = Assets.xcassets; sourceTree = "<group>"; };
		87CBC5961DF5585000994E94 /* Base */ = {isa = PBXFileReference; lastKnownFileType = file.storyboard; name = Base; path = Base.lproj/LaunchScreen.storyboard; sourceTree = "<group>"; };
		87CBC5981DF5585000994E94 /* Info.plist */ = {isa = PBXFileReference; lastKnownFileType = text.plist.xml; path = Info.plist; sourceTree = "<group>"; };
/* End PBXFileReference section */

/* Begin PBXFrameworksBuildPhase section */
		87CBC5861DF5585000994E94 /* Frameworks */ = {
			isa = PBXFrameworksBuildPhase;
			buildActionMask = 2147483647;
			files = (
			);
			runOnlyForDeploymentPostprocessing = 0;
		};
/* End PBXFrameworksBuildPhase section */

/* Begin PBXGroup section */
		87CBC5801DF5584F00994E94 = {
			isa = PBXGroup;
			children = (
				87CBC58B1DF5585000994E94 /* GTableViewTestByS3 */,
				87CBC58A1DF5585000994E94 /* Products */,
			);
			sourceTree = "<group>";
		};
		87CBC58A1DF5585000994E94 /* Products */ = {
			isa = PBXGroup;
			children = (
				87CBC5891DF5585000994E94 /* GTableViewTestByS3.app */,
			);
			name = Products;
			sourceTree = "<group>";
		};
		87CBC58B1DF5585000994E94 /* GTableViewTestByS3 */ = {
			isa = PBXGroup;
			children = (
				87CBC58C1DF5585000994E94 /* AppDelegate.swift */,
				87CBC58E1DF5585000994E94 /* ViewController.swift */,
				87CBC5901DF5585000994E94 /* Main.storyboard */,
				87CBC5931DF5585000994E94 /* Assets.xcassets */,
				87CBC5951DF5585000994E94 /* LaunchScreen.storyboard */,
				87CBC5981DF5585000994E94 /* Info.plist */,
				87898B581DF6A01B00913BA5 /* ItemCell.swift */,
			);
			path = GTableViewTestByS3;
			sourceTree = "<group>";
		};
/* End PBXGroup section */

/* Begin PBXNativeTarget section */
		87CBC5881DF5585000994E94 /* GTableViewTestByS3 */ = {
			isa = PBXNativeTarget;
			buildConfigurationList = 87CBC59B1DF5585000994E94 /* Build configuration list for PBXNativeTarget "GTableViewTestByS3" */;
			buildPhases = (
				87CBC5851DF5585000994E94 /* Sources */,
				87CBC5861DF5585000994E94 /* Frameworks */,
				87CBC5871DF5585000994E94 /* Resources */,
			);
			buildRules = (
			);
			dependencies = (
			);
			name = GTableViewTestByS3;
			productName = GTableViewTestByS3;
			productReference = 87CBC5891DF5585000994E94 /* GTableViewTestByS3.app */;
			productType = "com.apple.product-type.application";
		};
/* End PBXNativeTarget section */

/* Begin PBXProject section */
		87CBC5811DF5584F00994E94 /* Project object */ = {
			isa = PBXProject;
			attributes = {
				LastSwiftUpdateCheck = 0810;
				LastUpgradeCheck = 0810;
				ORGANIZATIONNAME = ihuasheng;
				TargetAttributes = {
					87CBC5881DF5585000994E94 = {
						CreatedOnToolsVersion = 8.1;
						ProvisioningStyle = Automatic;
					};
				};
			};
			buildConfigurationList = 87CBC5841DF5584F00994E94 /* Build configuration list for PBXProject "GTableViewTestByS3" */;
			compatibilityVersion = "Xcode 3.2";
			developmentRegion = English;
			hasScannedForEncodings = 0;
			knownRegions = (
				en,
				Base,
			);
			mainGroup = 87CBC5801DF5584F00994E94;
			productRefGroup = 87CBC58A1DF5585000994E94 /* Products */;
			projectDirPath = "";
			projectRoot = "";
			targets = (
				87CBC5881DF5585000994E94 /* GTableViewTestByS3 */,
			);
		};
/* End PBXProject section */

/* Begin PBXResourcesBuildPhase section */
		87CBC5871DF5585000994E94 /* Resources */ = {
			isa = PBXResourcesBuildPhase;
			buildActionMask = 2147483647;
			files = (
				87CBC5971DF5585000994E94 /* LaunchScreen.storyboard in Resources */,
				87CBC5941DF5585000994E94 /* Assets.xcassets in Resources */,
				87CBC5921DF5585000994E94 /* Main.storyboard in Resources */,
			);
			runOnlyForDeploymentPostprocessing = 0;
		};
/* End PBXResourcesBuildPhase section */

/* Begin PBXSourcesBuildPhase section */
		87CBC5851DF5585000994E94 /* Sources */ = {
			isa = PBXSourcesBuildPhase;
			buildActionMask = 2147483647;
			files = (
				87CBC58F1DF5585000994E94 /* ViewController.swift in Sources */,
				87CBC58D1DF5585000994E94 /* AppDelegate.swift in Sources */,
				87898B591DF6A01B00913BA5 /* ItemCell.swift in Sources */,
			);
			runOnlyForDeploymentPostprocessing = 0;
		};
/* End PBXSourcesBuildPhase section */

/* Begin PBXVariantGroup section */
		87CBC5901DF5585000994E94 /* Main.storyboard */ = {
			isa = PBXVariantGroup;
			children = (
				87CBC5911DF5585000994E94 /* Base */,
			);
			name = Main.storyboard;
			sourceTree = "<group>";
		};
		87CBC5951DF5585000994E94 /* LaunchScreen.storyboard */ = {
			isa = PBXVariantGroup;
			children = (
				87CBC5961DF5585000994E94 /* Base */,
			);
			name = LaunchScreen.storyboard;
			sourceTree = "<group>";
		};
/* End PBXVariantGroup section */

/* Begin XCBuildConfiguration section */
		87CBC5991DF5585000994E94 /* Debug */ = {
			isa = XCBuildConfiguration;
			buildSettings = {
				ALWAYS_SEARCH_USER_PATHS = NO;
				CLANG_ANALYZER_NONNULL = YES;
				CLANG_CXX_LANGUAGE_STANDARD = "gnu++0x";
				CLANG_CXX_LIBRARY = "libc++";
				CLANG_ENABLE_MODULES = YES;
				CLANG_ENABLE_OBJC_ARC = YES;
				CLANG_WARN_BOOL_CONVERSION = YES;
				CLANG_WARN_CONSTANT_CONVERSION = YES;
				CLANG_WARN_DIRECT_OBJC_ISA_USAGE = YES_ERROR;
				CLANG_WARN_DOCUMENTATION_COMMENTS = YES;
				CLANG_WARN_EMPTY_BODY = YES;
				CLANG_WARN_ENUM_CONVERSION = YES;
				CLANG_WARN_INFINITE_RECURSION = YES;
				CLANG_WARN_INT_CONVERSION = YES;
				CLANG_WARN_OBJC_ROOT_CLASS = YES_ERROR;
				CLANG_WARN_SUSPICIOUS_MOVES = YES;
				CLANG_WARN_UNREACHABLE_CODE = YES;
				CLANG_WARN__DUPLICATE_METHOD_MATCH = YES;
				"CODE_SIGN_IDENTITY[sdk=iphoneos*]" = "iPhone Developer";
				COPY_PHASE_STRIP = NO;
				DEBUG_INFORMATION_FORMAT = dwarf;
				ENABLE_STRICT_OBJC_MSGSEND = YES;
				ENABLE_TESTABILITY = YES;
				GCC_C_LANGUAGE_STANDARD = gnu99;
				GCC_DYNAMIC_NO_PIC = NO;
				GCC_NO_COMMON_BLOCKS = YES;
				GCC_OPTIMIZATION_LEVEL = 0;
				GCC_PREPROCESSOR_DEFINITIONS = (
					"DEBUG=1",
					"$(inherited)",
				);
				GCC_WARN_64_TO_32_BIT_CONVERSION = YES;
				GCC_WARN_ABOUT_RETURN_TYPE = YES_ERROR;
				GCC_WARN_UNDECLARED_SELECTOR = YES;
				GCC_WARN_UNINITIALIZED_AUTOS = YES_AGGRESSIVE;
				GCC_WARN_UNUSED_FUNCTION = YES;
				GCC_WARN_UNUSED_VARIABLE = YES;
				IPHONEOS_DEPLOYMENT_TARGET = 10.1;
				MTL_ENABLE_DEBUG_INFO = YES;
				ONLY_ACTIVE_ARCH = YES;
				SDKROOT = iphoneos;
				SWIFT_ACTIVE_COMPILATION_CONDITIONS = DEBUG;
				SWIFT_OPTIMIZATION_LEVEL = "-Onone";
			};
			name = Debug;
		};
		87CBC59A1DF5585000994E94 /* Release */ = {
			isa = XCBuildConfiguration;
			buildSettings = {
				ALWAYS_SEARCH_USER_PATHS = NO;
				CLANG_ANALYZER_NONNULL = YES;
				CLANG_CXX_LANGUAGE_STANDARD = "gnu++0x";
				CLANG_CXX_LIBRARY = "libc++";
				CLANG_ENABLE_MODULES = YES;
				CLANG_ENABLE_OBJC_ARC = YES;
				CLANG_WARN_BOOL_CONVERSION = YES;
				CLANG_WARN_CONSTANT_CONVERSION = YES;
				CLANG_WARN_DIRECT_OBJC_ISA_USAGE = YES_ERROR;
				CLANG_WARN_DOCUMENTATION_COMMENTS = YES;
				CLANG_WARN_EMPTY_BODY = YES;
				CLANG_WARN_ENUM_CONVERSION = YES;
				CLANG_WARN_INFINITE_RECURSION = YES;
				CLANG_WARN_INT_CONVERSION = YES;
				CLANG_WARN_OBJC_ROOT_CLASS = YES_ERROR;
				CLANG_WARN_SUSPICIOUS_MOVES = YES;
				CLANG_WARN_UNREACHABLE_CODE = YES;
				CLANG_WARN__DUPLICATE_METHOD_MATCH = YES;
				"CODE_SIGN_IDENTITY[sdk=iphoneos*]" = "iPhone Developer";
				COPY_PHASE_STRIP = NO;
				DEBUG_INFORMATION_FORMAT = "dwarf-with-dsym";
				ENABLE_NS_ASSERTIONS = NO;
				ENABLE_STRICT_OBJC_MSGSEND = YES;
				GCC_C_LANGUAGE_STANDARD = gnu99;
				GCC_NO_COMMON_BLOCKS = YES;
				GCC_WARN_64_TO_32_BIT_CONVERSION = YES;
				GCC_WARN_ABOUT_RETURN_TYPE = YES_ERROR;
				GCC_WARN_UNDECLARED_SELECTOR = YES;
				GCC_WARN_UNINITIALIZED_AUTOS = YES_AGGRESSIVE;
				GCC_WARN_UNUSED_FUNCTION = YES;
				GCC_WARN_UNUSED_VARIABLE = YES;
				IPHONEOS_DEPLOYMENT_TARGET = 10.1;
				MTL_ENABLE_DEBUG_INFO = NO;
				SDKROOT = iphoneos;
				SWIFT_OPTIMIZATION_LEVEL = "-Owholemodule";
				VALIDATE_PRODUCT = YES;
			};
			name = Release;
		};
		87CBC59C1DF5585000994E94 /* Debug */ = {
			isa = XCBuildConfiguration;
			buildSettings = {
				ASSETCATALOG_COMPILER_APPICON_NAME = AppIcon;
				INFOPLIST_FILE = GTableViewTestByS3/Info.plist;
				LD_RUNPATH_SEARCH_PATHS = "$(inherited) @executable_path/Frameworks";
				PRODUCT_BUNDLE_IDENTIFIER = com.ihuasheng.GTableViewTestByS3;
				PRODUCT_NAME = "$(TARGET_NAME)";
				SWIFT_VERSION = 3.0;
			};
			name = Debug;
		};
		87CBC59D1DF5585000994E94 /* Release */ = {
			isa = XCBuildConfiguration;
			buildSettings = {
				ASSETCATALOG_COMPILER_APPICON_NAME = AppIcon;
				INFOPLIST_FILE = GTableViewTestByS3/Info.plist;
				LD_RUNPATH_SEARCH_PATHS = "$(inherited) @executable_path/Frameworks";
				PRODUCT_BUNDLE_IDENTIFIER = com.ihuasheng.GTableViewTestByS3;
				PRODUCT_NAME = "$(TARGET_NAME)";
				SWIFT_VERSION = 3.0;
			};
			name = Release;
		};
/* End XCBuildConfiguration section */

/* Begin XCConfigurationList section */
		87CBC5841DF5584F00994E94 /* Build configuration list for PBXProject "GTableViewTestByS3" */ = {
			isa = XCConfigurationList;
			buildConfigurations = (
				87CBC5991DF5585000994E94 /* Debug */,
				87CBC59A1DF5585000994E94 /* Release */,
			);
			defaultConfigurationIsVisible = 0;
			defaultConfigurationName = Release;
		};
		87CBC59B1DF5585000994E94 /* Build configuration list for PBXNativeTarget "GTableViewTestByS3" */ = {
			isa = XCConfigurationList;
			buildConfigurations = (
				87CBC59C1DF5585000994E94 /* Debug */,
				87CBC59D1DF5585000994E94 /* Release */,
			);
			defaultConfigurationIsVisible = 0;
			defaultConfigurationName = Release;
		};
/* End XCConfigurationList section */
	};
	rootObject = 87CBC5811DF5584F00994E94 /* Project object */;
}
