// !$*UTF8*$!
{
	archiveVersion = 1;
	classes = {
	};
	objectVersion = 46;
	objects = {

/* Begin PBXBuildFile section */
		871445E71E135626007DEDA0 /* AppDelegate.swift in Sources */ = {isa = PBXBuildFile; fileRef = 871445E61E135626007DEDA0 /* AppDelegate.swift */; };
		871445E91E135626007DEDA0 /* ViewController.swift in Sources */ = {isa = PBXBuildFile; fileRef = 871445E81E135626007DEDA0 /* ViewController.swift */; };
		871445EC1E135626007DEDA0 /* Main.storyboard in Resources */ = {isa = PBXBuildFile; fileRef = 871445EA1E135626007DEDA0 /* Main.storyboard */; };
		871445EF1E135626007DEDA0 /* GTest1ByS3.xcdatamodeld in Sources */ = {isa = PBXBuildFile; fileRef = 871445ED1E135626007DEDA0 /* GTest1ByS3.xcdatamodeld */; };
		871445F11E135626007DEDA0 /* Assets.xcassets in Resources */ = {isa = PBXBuildFile; fileRef = 871445F01E135626007DEDA0 /* Assets.xcassets */; };
		871445F41E135626007DEDA0 /* LaunchScreen.storyboard in Resources */ = {isa = PBXBuildFile; fileRef = 871445F21E135626007DEDA0 /* LaunchScreen.storyboard */; };
		871445FC1E135F12007DEDA0 /* Student.swift in Sources */ = {isa = PBXBuildFile; fileRef = 871445FB1E135F12007DEDA0 /* Student.swift */; };
		871445FE1E13603B007DEDA0 /* DataUtil.swift in Sources */ = {isa = PBXBuildFile; fileRef = 871445FD1E13603B007DEDA0 /* DataUtil.swift */; };
		871446001E1368BD007DEDA0 /* DetailViewController.swift in Sources */ = {isa = PBXBuildFile; fileRef = 871445FF1E1368BD007DEDA0 /* DetailViewController.swift */; };
		87DBCABE1E14F0EC009DC4B1 /* InfoPlist.strings in Resources */ = {isa = PBXBuildFile; fileRef = 87DBCAC01E14F0EC009DC4B1 /* InfoPlist.strings */; };
		87DBCAC31E14F0ED009DC4B1 /* Localizable.strings in Resources */ = {isa = PBXBuildFile; fileRef = 87DBCAC51E14F0ED009DC4B1 /* Localizable.strings */; };
/* End PBXBuildFile section */

/* Begin PBXFileReference section */
		871445E31E135626007DEDA0 /* GTest1ByS3.app */ = {isa = PBXFileReference; explicitFileType = wrapper.application; includeInIndex = 0; path = GTest1ByS3.app; sourceTree = BUILT_PRODUCTS_DIR; };
		871445E61E135626007DEDA0 /* AppDelegate.swift */ = {isa = PBXFileReference; lastKnownFileType = sourcecode.swift; path = AppDelegate.swift; sourceTree = "<group>"; };
		871445E81E135626007DEDA0 /* ViewController.swift */ = {isa = PBXFileReference; lastKnownFileType = sourcecode.swift; path = ViewController.swift; sourceTree = "<group>"; };
		871445EB1E135626007DEDA0 /* Base */ = {isa = PBXFileReference; lastKnownFileType = file.storyboard; name = Base; path = Base.lproj/Main.storyboard; sourceTree = "<group>"; };
		871445EE1E135626007DEDA0 /* GTest1ByS3.xcdatamodel */ = {isa = PBXFileReference; lastKnownFileType = wrapper.xcdatamodel; path = GTest1ByS3.xcdatamodel; sourceTree = "<group>"; };
		871445F01E135626007DEDA0 /* Assets.xcassets */ = {isa = PBXFileReference; lastKnownFileType = folder.assetcatalog; path = Assets.xcassets; sourceTree = "<group>"; };
		871445F31E135626007DEDA0 /* Base */ = {isa = PBXFileReference; lastKnownFileType = file.storyboard; name = Base; path = Base.lproj/LaunchScreen.storyboard; sourceTree = "<group>"; };
		871445F51E135626007DEDA0 /* Info.plist */ = {isa = PBXFileReference; lastKnownFileType = text.plist.xml; path = Info.plist; sourceTree = "<group>"; };
		871445FB1E135F12007DEDA0 /* Student.swift */ = {isa = PBXFileReference; fileEncoding = 4; lastKnownFileType = sourcecode.swift; path = Student.swift; sourceTree = "<group>"; };
		871445FD1E13603B007DEDA0 /* DataUtil.swift */ = {isa = PBXFileReference; fileEncoding = 4; lastKnownFileType = sourcecode.swift; path = DataUtil.swift; sourceTree = "<group>"; };
		871445FF1E1368BD007DEDA0 /* DetailViewController.swift */ = {isa = PBXFileReference; fileEncoding = 4; lastKnownFileType = sourcecode.swift; path = DetailViewController.swift; sourceTree = "<group>"; };
		87DBCABA1E14EFCC009DC4B1 /* zh-Hans */ = {isa = PBXFileReference; lastKnownFileType = text.plist.strings; name = "zh-Hans"; path = "zh-Hans.lproj/Main.strings"; sourceTree = "<group>"; };
		87DBCABB1E14EFCC009DC4B1 /* zh-Hans */ = {isa = PBXFileReference; lastKnownFileType = text.plist.strings; name = "zh-Hans"; path = "zh-Hans.lproj/LaunchScreen.strings"; sourceTree = "<group>"; };
		87DBCABF1E14F0EC009DC4B1 /* zh-Hans */ = {isa = PBXFileReference; lastKnownFileType = text.plist.strings; name = "zh-Hans"; path = "zh-Hans.lproj/InfoPlist.strings"; sourceTree = "<group>"; };
		87DBCAC41E14F0ED009DC4B1 /* zh-Hans */ = {isa = PBXFileReference; lastKnownFileType = text.plist.strings; name = "zh-Hans"; path = "zh-Hans.lproj/Localizable.strings"; sourceTree = "<group>"; };
/* End PBXFileReference section */

/* Begin PBXFrameworksBuildPhase section */
		871445E01E135626007DEDA0 /* Frameworks */ = {
			isa = PBXFrameworksBuildPhase;
			buildActionMask = 2147483647;
			files = (
			);
			runOnlyForDeploymentPostprocessing = 0;
		};
/* End PBXFrameworksBuildPhase section */

/* Begin PBXGroup section */
		871445DA1E135626007DEDA0 = {
			isa = PBXGroup;
			children = (
				871445E51E135626007DEDA0 /* GTest1ByS3 */,
				871445E41E135626007DEDA0 /* Products */,
			);
			sourceTree = "<group>";
		};
		871445E41E135626007DEDA0 /* Products */ = {
			isa = PBXGroup;
			children = (
				871445E31E135626007DEDA0 /* GTest1ByS3.app */,
			);
			name = Products;
			sourceTree = "<group>";
		};
		871445E51E135626007DEDA0 /* GTest1ByS3 */ = {
			isa = PBXGroup;
			children = (
				87DBCAC51E14F0ED009DC4B1 /* Localizable.strings */,
				87DBCAC01E14F0EC009DC4B1 /* InfoPlist.strings */,
				871445E61E135626007DEDA0 /* AppDelegate.swift */,
				871445FB1E135F12007DEDA0 /* Student.swift */,
				871445FD1E13603B007DEDA0 /* DataUtil.swift */,
				871445E81E135626007DEDA0 /* ViewController.swift */,
				871445FF1E1368BD007DEDA0 /* DetailViewController.swift */,
				871445EA1E135626007DEDA0 /* Main.storyboard */,
				871445F01E135626007DEDA0 /* Assets.xcassets */,
				871445F21E135626007DEDA0 /* LaunchScreen.storyboard */,
				871445F51E135626007DEDA0 /* Info.plist */,
				871445ED1E135626007DEDA0 /* GTest1ByS3.xcdatamodeld */,
			);
			path = GTest1ByS3;
			sourceTree = "<group>";
		};
/* End PBXGroup section */

/* Begin PBXNativeTarget section */
		871445E21E135626007DEDA0 /* GTest1ByS3 */ = {
			isa = PBXNativeTarget;
			buildConfigurationList = 871445F81E135626007DEDA0 /* Build configuration list for PBXNativeTarget "GTest1ByS3" */;
			buildPhases = (
				871445DF1E135626007DEDA0 /* Sources */,
				871445E01E135626007DEDA0 /* Frameworks */,
				871445E11E135626007DEDA0 /* Resources */,
			);
			buildRules = (
			);
			dependencies = (
			);
			name = GTest1ByS3;
			productName = GTest1ByS3;
			productReference = 871445E31E135626007DEDA0 /* GTest1ByS3.app */;
			productType = "com.apple.product-type.application";
		};
/* End PBXNativeTarget section */

/* Begin PBXProject section */
		871445DB1E135626007DEDA0 /* Project object */ = {
			isa = PBXProject;
			attributes = {
				LastSwiftUpdateCheck = 0820;
				LastUpgradeCheck = 0820;
				ORGANIZATIONNAME = ihuasheng;
				TargetAttributes = {
					871445E21E135626007DEDA0 = {
						CreatedOnToolsVersion = 8.2.1;
						ProvisioningStyle = Automatic;
					};
				};
			};
			buildConfigurationList = 871445DE1E135626007DEDA0 /* Build configuration list for PBXProject "GTest1ByS3" */;
			compatibilityVersion = "Xcode 3.2";
			developmentRegion = English;
			hasScannedForEncodings = 0;
			knownRegions = (
				en,
				Base,
			);
			mainGroup = 871445DA1E135626007DEDA0;
			productRefGroup = 871445E41E135626007DEDA0 /* Products */;
			projectDirPath = "";
			projectRoot = "";
			targets = (
				871445E21E135626007DEDA0 /* GTest1ByS3 */,
			);
		};
/* End PBXProject section */

/* Begin PBXResourcesBuildPhase section */
		871445E11E135626007DEDA0 /* Resources */ = {
			isa = PBXResourcesBuildPhase;
			buildActionMask = 2147483647;
			files = (
				87DBCAC31E14F0ED009DC4B1 /* Localizable.strings in Resources */,
				871445F41E135626007DEDA0 /* LaunchScreen.storyboard in Resources */,
				87DBCABE1E14F0EC009DC4B1 /* InfoPlist.strings in Resources */,
				871445F11E135626007DEDA0 /* Assets.xcassets in Resources */,
				871445EC1E135626007DEDA0 /* Main.storyboard in Resources */,
			);
			runOnlyForDeploymentPostprocessing = 0;
		};
/* End PBXResourcesBuildPhase section */

/* Begin PBXSourcesBuildPhase section */
		871445DF1E135626007DEDA0 /* Sources */ = {
			isa = PBXSourcesBuildPhase;
			buildActionMask = 2147483647;
			files = (
				871445EF1E135626007DEDA0 /* GTest1ByS3.xcdatamodeld in Sources */,
				871445E91E135626007DEDA0 /* ViewController.swift in Sources */,
				871445E71E135626007DEDA0 /* AppDelegate.swift in Sources */,
				871446001E1368BD007DEDA0 /* DetailViewController.swift in Sources */,
				871445FC1E135F12007DEDA0 /* Student.swift in Sources */,
				871445FE1E13603B007DEDA0 /* DataUtil.swift in Sources */,
			);
			runOnlyForDeploymentPostprocessing = 0;
		};
/* End PBXSourcesBuildPhase section */

/* Begin PBXVariantGroup section */
		871445EA1E135626007DEDA0 /* Main.storyboard */ = {
			isa = PBXVariantGroup;
			children = (
				871445EB1E135626007DEDA0 /* Base */,
				87DBCABA1E14EFCC009DC4B1 /* zh-Hans */,
			);
			name = Main.storyboard;
			sourceTree = "<group>";
		};
		871445F21E135626007DEDA0 /* LaunchScreen.storyboard */ = {
			isa = PBXVariantGroup;
			children = (
				871445F31E135626007DEDA0 /* Base */,
				87DBCABB1E14EFCC009DC4B1 /* zh-Hans */,
			);
			name = LaunchScreen.storyboard;
			sourceTree = "<group>";
		};
		87DBCAC01E14F0EC009DC4B1 /* InfoPlist.strings */ = {
			isa = PBXVariantGroup;
			children = (
				87DBCABF1E14F0EC009DC4B1 /* zh-Hans */,
			);
			name = InfoPlist.strings;
			sourceTree = "<group>";
		};
		87DBCAC51E14F0ED009DC4B1 /* Localizable.strings */ = {
			isa = PBXVariantGroup;
			children = (
				87DBCAC41E14F0ED009DC4B1 /* zh-Hans */,
			);
			name = Localizable.strings;
			sourceTree = "<group>";
		};
/* End PBXVariantGroup section */

/* Begin XCBuildConfiguration section */
		871445F61E135626007DEDA0 /* Debug */ = {
			isa = XCBuildConfiguration;
			buildSettings = {
				ALWAYS_SEARCH_USER_PATHS = NO;
				CLANG_ANALYZER_LOCALIZABILITY_NONLOCALIZED = YES;
				CLANG_ANALYZER_NONNULL = YES;
				CLANG_CXX_LANGUAGE_STANDARD = "gnu++0x";
				CLANG_CXX_LIBRARY = "libc++";
				CLANG_ENABLE_MODULES = YES;
				CLANG_ENABLE_OBJC_ARC = YES;
				CLANG_WARN_BOOL_CONVERSION = YES;
				CLANG_WARN_CONSTANT_CONVERSION = YES;
				CLANG_WARN_DIRECT_OBJC_ISA_USAGE = YES_ERROR;
				CLANG_WARN_DOCUMENTATION_COMMENTS = YES;
				CLANG_WARN_EMPTY_BODY = YES;
				CLANG_WARN_ENUM_CONVERSION = YES;
				CLANG_WARN_INFINITE_RECURSION = YES;
				CLANG_WARN_INT_CONVERSION = YES;
				CLANG_WARN_OBJC_ROOT_CLASS = YES_ERROR;
				CLANG_WARN_SUSPICIOUS_MOVE = YES;
				CLANG_WARN_UNREACHABLE_CODE = YES;
				CLANG_WARN__DUPLICATE_METHOD_MATCH = YES;
				"CODE_SIGN_IDENTITY[sdk=iphoneos*]" = "iPhone Developer";
				COPY_PHASE_STRIP = NO;
				DEBUG_INFORMATION_FORMAT = dwarf;
				ENABLE_STRICT_OBJC_MSGSEND = YES;
				ENABLE_TESTABILITY = YES;
				GCC_C_LANGUAGE_STANDARD = gnu99;
				GCC_DYNAMIC_NO_PIC = NO;
				GCC_NO_COMMON_BLOCKS = YES;
				GCC_OPTIMIZATION_LEVEL = 0;
				GCC_PREPROCESSOR_DEFINITIONS = (
					"DEBUG=1",
					"$(inherited)",
				);
				GCC_WARN_64_TO_32_BIT_CONVERSION = YES;
				GCC_WARN_ABOUT_RETURN_TYPE = YES_ERROR;
				GCC_WARN_UNDECLARED_SELECTOR = YES;
				GCC_WARN_UNINITIALIZED_AUTOS = YES_AGGRESSIVE;
				GCC_WARN_UNUSED_FUNCTION = YES;
				GCC_WARN_UNUSED_VARIABLE = YES;
				IPHONEOS_DEPLOYMENT_TARGET = 10.2;
				MTL_ENABLE_DEBUG_INFO = YES;
				ONLY_ACTIVE_ARCH = YES;
				SDKROOT = iphoneos;
				SWIFT_ACTIVE_COMPILATION_CONDITIONS = DEBUG;
				SWIFT_OPTIMIZATION_LEVEL = "-Onone";
			};
			name = Debug;
		};
		871445F71E135626007DEDA0 /* Release */ = {
			isa = XCBuildConfiguration;
			buildSettings = {
				ALWAYS_SEARCH_USER_PATHS = NO;
				CLANG_ANALYZER_LOCALIZABILITY_NONLOCALIZED = YES;
				CLANG_ANALYZER_NONNULL = YES;
				CLANG_CXX_LANGUAGE_STANDARD = "gnu++0x";
				CLANG_CXX_LIBRARY = "libc++";
				CLANG_ENABLE_MODULES = YES;
				CLANG_ENABLE_OBJC_ARC = YES;
				CLANG_WARN_BOOL_CONVERSION = YES;
				CLANG_WARN_CONSTANT_CONVERSION = YES;
				CLANG_WARN_DIRECT_OBJC_ISA_USAGE = YES_ERROR;
				CLANG_WARN_DOCUMENTATION_COMMENTS = YES;
				CLANG_WARN_EMPTY_BODY = YES;
				CLANG_WARN_ENUM_CONVERSION = YES;
				CLANG_WARN_INFINITE_RECURSION = YES;
				CLANG_WARN_INT_CONVERSION = YES;
				CLANG_WARN_OBJC_ROOT_CLASS = YES_ERROR;
				CLANG_WARN_SUSPICIOUS_MOVE = YES;
				CLANG_WARN_UNREACHABLE_CODE = YES;
				CLANG_WARN__DUPLICATE_METHOD_MATCH = YES;
				"CODE_SIGN_IDENTITY[sdk=iphoneos*]" = "iPhone Developer";
				COPY_PHASE_STRIP = NO;
				DEBUG_INFORMATION_FORMAT = "dwarf-with-dsym";
				ENABLE_NS_ASSERTIONS = NO;
				ENABLE_STRICT_OBJC_MSGSEND = YES;
				GCC_C_LANGUAGE_STANDARD = gnu99;
				GCC_NO_COMMON_BLOCKS = YES;
				GCC_WARN_64_TO_32_BIT_CONVERSION = YES;
				GCC_WARN_ABOUT_RETURN_TYPE = YES_ERROR;
				GCC_WARN_UNDECLARED_SELECTOR = YES;
				GCC_WARN_UNINITIALIZED_AUTOS = YES_AGGRESSIVE;
				GCC_WARN_UNUSED_FUNCTION = YES;
				GCC_WARN_UNUSED_VARIABLE = YES;
				IPHONEOS_DEPLOYMENT_TARGET = 10.2;
				MTL_ENABLE_DEBUG_INFO = NO;
				SDKROOT = iphoneos;
				SWIFT_OPTIMIZATION_LEVEL = "-Owholemodule";
				VALIDATE_PRODUCT = YES;
			};
			name = Release;
		};
		871445F91E135626007DEDA0 /* Debug */ = {
			isa = XCBuildConfiguration;
			buildSettings = {
				ASSETCATALOG_COMPILER_APPICON_NAME = AppIcon;
				INFOPLIST_FILE = GTest1ByS3/Info.plist;
				LD_RUNPATH_SEARCH_PATHS = "$(inherited) @executable_path/Frameworks";
				PRODUCT_BUNDLE_IDENTIFIER = com.ihuasheng.GTest1ByS3;
				PRODUCT_NAME = "$(TARGET_NAME)";
				SWIFT_VERSION = 3.0;
			};
			name = Debug;
		};
		871445FA1E135626007DEDA0 /* Release */ = {
			isa = XCBuildConfiguration;
			buildSettings = {
				ASSETCATALOG_COMPILER_APPICON_NAME = AppIcon;
				INFOPLIST_FILE = GTest1ByS3/Info.plist;
				LD_RUNPATH_SEARCH_PATHS = "$(inherited) @executable_path/Frameworks";
				PRODUCT_BUNDLE_IDENTIFIER = com.ihuasheng.GTest1ByS3;
				PRODUCT_NAME = "$(TARGET_NAME)";
				SWIFT_VERSION = 3.0;
			};
			name = Release;
		};
/* End XCBuildConfiguration section */

/* Begin XCConfigurationList section */
		871445DE1E135626007DEDA0 /* Build configuration list for PBXProject "GTest1ByS3" */ = {
			isa = XCConfigurationList;
			buildConfigurations = (
				871445F61E135626007DEDA0 /* Debug */,
				871445F71E135626007DEDA0 /* Release */,
			);
			defaultConfigurationIsVisible = 0;
			defaultConfigurationName = Release;
		};
		871445F81E135626007DEDA0 /* Build configuration list for PBXNativeTarget "GTest1ByS3" */ = {
			isa = XCConfigurationList;
			buildConfigurations = (
				871445F91E135626007DEDA0 /* Debug */,
				871445FA1E135626007DEDA0 /* Release */,
			);
			defaultConfigurationIsVisible = 0;
			defaultConfigurationName = Release;
		};
/* End XCConfigurationList section */

/* Begin XCVersionGroup section */
		871445ED1E135626007DEDA0 /* GTest1ByS3.xcdatamodeld */ = {
			isa = XCVersionGroup;
			children = (
				871445EE1E135626007DEDA0 /* GTest1ByS3.xcdatamodel */,
			);
			currentVersion = 871445EE1E135626007DEDA0 /* GTest1ByS3.xcdatamodel */;
			path = GTest1ByS3.xcdatamodeld;
			sourceTree = "<group>";
			versionGroupType = wrapper.xcdatamodel;
		};
/* End XCVersionGroup section */
	};
	rootObject = 871445DB1E135626007DEDA0 /* Project object */;
}
