// !$*UTF8*$!
{
	archiveVersion = 1;
	classes = {
	};
	objectVersion = 46;
	objects = {

/* Begin PBXBuildFile section */
		87E945CB1E10CECC000405FF /* AppDelegate.swift in Sources */ = {isa = PBXBuildFile; fileRef = 87E945CA1E10CECC000405FF /* AppDelegate.swift */; };
		87E945CD1E10CECC000405FF /* ViewController.swift in Sources */ = {isa = PBXBuildFile; fileRef = 87E945CC1E10CECC000405FF /* ViewController.swift */; };
		87E945D01E10CECD000405FF /* Main.storyboard in Resources */ = {isa = PBXBuildFile; fileRef = 87E945CE1E10CECD000405FF /* Main.storyboard */; };
		87E945D21E10CECD000405FF /* Assets.xcassets in Resources */ = {isa = PBXBuildFile; fileRef = 87E945D11E10CECD000405FF /* Assets.xcassets */; };
		87E945D51E10CECD000405FF /* LaunchScreen.storyboard in Resources */ = {isa = PBXBuildFile; fileRef = 87E945D31E10CECD000405FF /* LaunchScreen.storyboard */; };
/* End PBXBuildFile section */

/* Begin PBXFileReference section */
		87E945C71E10CECC000405FF /* GPhotoTest1ByS3.app */ = {isa = PBXFileReference; explicitFileType = wrapper.application; includeInIndex = 0; path = GPhotoTest1ByS3.app; sourceTree = BUILT_PRODUCTS_DIR; };
		87E945CA1E10CECC000405FF /* AppDelegate.swift */ = {isa = PBXFileReference; lastKnownFileType = sourcecode.swift; path = AppDelegate.swift; sourceTree = "<group>"; };
		87E945CC1E10CECC000405FF /* ViewController.swift */ = {isa = PBXFileReference; lastKnownFileType = sourcecode.swift; path = ViewController.swift; sourceTree = "<group>"; };
		87E945CF1E10CECD000405FF /* Base */ = {isa = PBXFileReference; lastKnownFileType = file.storyboard; name = Base; path = Base.lproj/Main.storyboard; sourceTree = "<group>"; };
		87E945D11E10CECD000405FF /* Assets.xcassets */ = {isa = PBXFileReference; lastKnownFileType = folder.assetcatalog; path = Assets.xcassets; sourceTree = "<group>"; };
		87E945D41E10CECD000405FF /* Base */ = {isa = PBXFileReference; lastKnownFileType = file.storyboard; name = Base; path = Base.lproj/LaunchScreen.storyboard; sourceTree = "<group>"; };
		87E945D61E10CECD000405FF /* Info.plist */ = {isa = PBXFileReference; lastKnownFileType = text.plist.xml; path = Info.plist; sourceTree = "<group>"; };
/* End PBXFileReference section */

/* Begin PBXFrameworksBuildPhase section */
		87E945C41E10CECC000405FF /* Frameworks */ = {
			isa = PBXFrameworksBuildPhase;
			buildActionMask = 2147483647;
			files = (
			);
			runOnlyForDeploymentPostprocessing = 0;
		};
/* End PBXFrameworksBuildPhase section */

/* Begin PBXGroup section */
		87E945BE1E10CECC000405FF = {
			isa = PBXGroup;
			children = (
				87E945C91E10CECC000405FF /* GPhotoTest1ByS3 */,
				87E945C81E10CECC000405FF /* Products */,
			);
			sourceTree = "<group>";
		};
		87E945C81E10CECC000405FF /* Products */ = {
			isa = PBXGroup;
			children = (
				87E945C71E10CECC000405FF /* GPhotoTest1ByS3.app */,
			);
			name = Products;
			sourceTree = "<group>";
		};
		87E945C91E10CECC000405FF /* GPhotoTest1ByS3 */ = {
			isa = PBXGroup;
			children = (
				87E945CA1E10CECC000405FF /* AppDelegate.swift */,
				87E945CC1E10CECC000405FF /* ViewController.swift */,
				87E945CE1E10CECD000405FF /* Main.storyboard */,
				87E945D11E10CECD000405FF /* Assets.xcassets */,
				87E945D31E10CECD000405FF /* LaunchScreen.storyboard */,
				87E945D61E10CECD000405FF /* Info.plist */,
			);
			path = GPhotoTest1ByS3;
			sourceTree = "<group>";
		};
/* End PBXGroup section */

/* Begin PBXNativeTarget section */
		87E945C61E10CECC000405FF /* GPhotoTest1ByS3 */ = {
			isa = PBXNativeTarget;
			buildConfigurationList = 87E945D91E10CECD000405FF /* Build configuration list for PBXNativeTarget "GPhotoTest1ByS3" */;
			buildPhases = (
				87E945C31E10CECC000405FF /* Sources */,
				87E945C41E10CECC000405FF /* Frameworks */,
				87E945C51E10CECC000405FF /* Resources */,
			);
			buildRules = (
			);
			dependencies = (
			);
			name = GPhotoTest1ByS3;
			productName = GPhotoTest1ByS3;
			productReference = 87E945C71E10CECC000405FF /* GPhotoTest1ByS3.app */;
			productType = "com.apple.product-type.application";
		};
/* End PBXNativeTarget section */

/* Begin PBXProject section */
		87E945BF1E10CECC000405FF /* Project object */ = {
			isa = PBXProject;
			attributes = {
				LastSwiftUpdateCheck = 0820;
				LastUpgradeCheck = 0820;
				ORGANIZATIONNAME = ihuasheng;
				TargetAttributes = {
					87E945C61E10CECC000405FF = {
						CreatedOnToolsVersion = 8.2.1;
						ProvisioningStyle = Automatic;
					};
				};
			};
			buildConfigurationList = 87E945C21E10CECC000405FF /* Build configuration list for PBXProject "GPhotoTest1ByS3" */;
			compatibilityVersion = "Xcode 3.2";
			developmentRegion = English;
			hasScannedForEncodings = 0;
			knownRegions = (
				en,
				Base,
			);
			mainGroup = 87E945BE1E10CECC000405FF;
			productRefGroup = 87E945C81E10CECC000405FF /* Products */;
			projectDirPath = "";
			projectRoot = "";
			targets = (
				87E945C61E10CECC000405FF /* GPhotoTest1ByS3 */,
			);
		};
/* End PBXProject section */

/* Begin PBXResourcesBuildPhase section */
		87E945C51E10CECC000405FF /* Resources */ = {
			isa = PBXResourcesBuildPhase;
			buildActionMask = 2147483647;
			files = (
				87E945D51E10CECD000405FF /* LaunchScreen.storyboard in Resources */,
				87E945D21E10CECD000405FF /* Assets.xcassets in Resources */,
				87E945D01E10CECD000405FF /* Main.storyboard in Resources */,
			);
			runOnlyForDeploymentPostprocessing = 0;
		};
/* End PBXResourcesBuildPhase section */

/* Begin PBXSourcesBuildPhase section */
		87E945C31E10CECC000405FF /* Sources */ = {
			isa = PBXSourcesBuildPhase;
			buildActionMask = 2147483647;
			files = (
				87E945CD1E10CECC000405FF /* ViewController.swift in Sources */,
				87E945CB1E10CECC000405FF /* AppDelegate.swift in Sources */,
			);
			runOnlyForDeploymentPostprocessing = 0;
		};
/* End PBXSourcesBuildPhase section */

/* Begin PBXVariantGroup section */
		87E945CE1E10CECD000405FF /* Main.storyboard */ = {
			isa = PBXVariantGroup;
			children = (
				87E945CF1E10CECD000405FF /* Base */,
			);
			name = Main.storyboard;
			sourceTree = "<group>";
		};
		87E945D31E10CECD000405FF /* LaunchScreen.storyboard */ = {
			isa = PBXVariantGroup;
			children = (
				87E945D41E10CECD000405FF /* Base */,
			);
			name = LaunchScreen.storyboard;
			sourceTree = "<group>";
		};
/* End PBXVariantGroup section */

/* Begin XCBuildConfiguration section */
		87E945D71E10CECD000405FF /* Debug */ = {
			isa = XCBuildConfiguration;
			buildSettings = {
				ALWAYS_SEARCH_USER_PATHS = NO;
				CLANG_ANALYZER_NONNULL = YES;
				CLANG_CXX_LANGUAGE_STANDARD = "gnu++0x";
				CLANG_CXX_LIBRARY = "libc++";
				CLANG_ENABLE_MODULES = YES;
				CLANG_ENABLE_OBJC_ARC = YES;
				CLANG_WARN_BOOL_CONVERSION = YES;
				CLANG_WARN_CONSTANT_CONVERSION = YES;
				CLANG_WARN_DIRECT_OBJC_ISA_USAGE = YES_ERROR;
				CLANG_WARN_DOCUMENTATION_COMMENTS = YES;
				CLANG_WARN_EMPTY_BODY = YES;
				CLANG_WARN_ENUM_CONVERSION = YES;
				CLANG_WARN_INFINITE_RECURSION = YES;
				CLANG_WARN_INT_CONVERSION = YES;
				CLANG_WARN_OBJC_ROOT_CLASS = YES_ERROR;
				CLANG_WARN_SUSPICIOUS_MOVE = YES;
				CLANG_WARN_UNREACHABLE_CODE = YES;
				CLANG_WARN__DUPLICATE_METHOD_MATCH = YES;
				"CODE_SIGN_IDENTITY[sdk=iphoneos*]" = "iPhone Developer";
				COPY_PHASE_STRIP = NO;
				DEBUG_INFORMATION_FORMAT = dwarf;
				ENABLE_STRICT_OBJC_MSGSEND = YES;
				ENABLE_TESTABILITY = YES;
				GCC_C_LANGUAGE_STANDARD = gnu99;
				GCC_DYNAMIC_NO_PIC = NO;
				GCC_NO_COMMON_BLOCKS = YES;
				GCC_OPTIMIZATION_LEVEL = 0;
				GCC_PREPROCESSOR_DEFINITIONS = (
					"DEBUG=1",
					"$(inherited)",
				);
				GCC_WARN_64_TO_32_BIT_CONVERSION = YES;
				GCC_WARN_ABOUT_RETURN_TYPE = YES_ERROR;
				GCC_WARN_UNDECLARED_SELECTOR = YES;
				GCC_WARN_UNINITIALIZED_AUTOS = YES_AGGRESSIVE;
				GCC_WARN_UNUSED_FUNCTION = YES;
				GCC_WARN_UNUSED_VARIABLE = YES;
				IPHONEOS_DEPLOYMENT_TARGET = 10.2;
				MTL_ENABLE_DEBUG_INFO = YES;
				ONLY_ACTIVE_ARCH = YES;
				SDKROOT = iphoneos;
				SWIFT_ACTIVE_COMPILATION_CONDITIONS = DEBUG;
				SWIFT_OPTIMIZATION_LEVEL = "-Onone";
			};
			name = Debug;
		};
		87E945D81E10CECD000405FF /* Release */ = {
			isa = XCBuildConfiguration;
			buildSettings = {
				ALWAYS_SEARCH_USER_PATHS = NO;
				CLANG_ANALYZER_NONNULL = YES;
				CLANG_CXX_LANGUAGE_STANDARD = "gnu++0x";
				CLANG_CXX_LIBRARY = "libc++";
				CLANG_ENABLE_MODULES = YES;
				CLANG_ENABLE_OBJC_ARC = YES;
				CLANG_WARN_BOOL_CONVERSION = YES;
				CLANG_WARN_CONSTANT_CONVERSION = YES;
				CLANG_WARN_DIRECT_OBJC_ISA_USAGE = YES_ERROR;
				CLANG_WARN_DOCUMENTATION_COMMENTS = YES;
				CLANG_WARN_EMPTY_BODY = YES;
				CLANG_WARN_ENUM_CONVERSION = YES;
				CLANG_WARN_INFINITE_RECURSION = YES;
				CLANG_WARN_INT_CONVERSION = YES;
				CLANG_WARN_OBJC_ROOT_CLASS = YES_ERROR;
				CLANG_WARN_SUSPICIOUS_MOVE = YES;
				CLANG_WARN_UNREACHABLE_CODE = YES;
				CLANG_WARN__DUPLICATE_METHOD_MATCH = YES;
				"CODE_SIGN_IDENTITY[sdk=iphoneos*]" = "iPhone Developer";
				COPY_PHASE_STRIP = NO;
				DEBUG_INFORMATION_FORMAT = "dwarf-with-dsym";
				ENABLE_NS_ASSERTIONS = NO;
				ENABLE_STRICT_OBJC_MSGSEND = YES;
				GCC_C_LANGUAGE_STANDARD = gnu99;
				GCC_NO_COMMON_BLOCKS = YES;
				GCC_WARN_64_TO_32_BIT_CONVERSION = YES;
				GCC_WARN_ABOUT_RETURN_TYPE = YES_ERROR;
				GCC_WARN_UNDECLARED_SELECTOR = YES;
				GCC_WARN_UNINITIALIZED_AUTOS = YES_AGGRESSIVE;
				GCC_WARN_UNUSED_FUNCTION = YES;
				GCC_WARN_UNUSED_VARIABLE = YES;
				IPHONEOS_DEPLOYMENT_TARGET = 10.2;
				MTL_ENABLE_DEBUG_INFO = NO;
				SDKROOT = iphoneos;
				SWIFT_OPTIMIZATION_LEVEL = "-Owholemodule";
				VALIDATE_PRODUCT = YES;
			};
			name = Release;
		};
		87E945DA1E10CECD000405FF /* Debug */ = {
			isa = XCBuildConfiguration;
			buildSettings = {
				ASSETCATALOG_COMPILER_APPICON_NAME = AppIcon;
				INFOPLIST_FILE = GPhotoTest1ByS3/Info.plist;
				LD_RUNPATH_SEARCH_PATHS = "$(inherited) @executable_path/Frameworks";
				PRODUCT_BUNDLE_IDENTIFIER = com.ihuasheng.GPhotoTest1ByS3;
				PRODUCT_NAME = "$(TARGET_NAME)";
				SWIFT_VERSION = 3.0;
			};
			name = Debug;
		};
		87E945DB1E10CECD000405FF /* Release */ = {
			isa = XCBuildConfiguration;
			buildSettings = {
				ASSETCATALOG_COMPILER_APPICON_NAME = AppIcon;
				INFOPLIST_FILE = GPhotoTest1ByS3/Info.plist;
				LD_RUNPATH_SEARCH_PATHS = "$(inherited) @executable_path/Frameworks";
				PRODUCT_BUNDLE_IDENTIFIER = com.ihuasheng.GPhotoTest1ByS3;
				PRODUCT_NAME = "$(TARGET_NAME)";
				SWIFT_VERSION = 3.0;
			};
			name = Release;
		};
/* End XCBuildConfiguration section */

/* Begin XCConfigurationList section */
		87E945C21E10CECC000405FF /* Build configuration list for PBXProject "GPhotoTest1ByS3" */ = {
			isa = XCConfigurationList;
			buildConfigurations = (
				87E945D71E10CECD000405FF /* Debug */,
				87E945D81E10CECD000405FF /* Release */,
			);
			defaultConfigurationIsVisible = 0;
			defaultConfigurationName = Release;
		};
		87E945D91E10CECD000405FF /* Build configuration list for PBXNativeTarget "GPhotoTest1ByS3" */ = {
			isa = XCConfigurationList;
			buildConfigurations = (
				87E945DA1E10CECD000405FF /* Debug */,
				87E945DB1E10CECD000405FF /* Release */,
			);
			defaultConfigurationIsVisible = 0;
		};
/* End XCConfigurationList section */
	};
	rootObject = 87E945BF1E10CECC000405FF /* Project object */;
}
