// !$*UTF8*$!
{
	archiveVersion = 1;
	classes = {
	};
	objectVersion = 46;
	objects = {

/* Begin PBXBuildFile section */
		87EDCC801DFC0DE800AFAAE7 /* AppDelegate.swift in Sources */ = {isa = PBXBuildFile; fileRef = 87EDCC7F1DFC0DE800AFAAE7 /* AppDelegate.swift */; };
		87EDCC821DFC0DE800AFAAE7 /* ViewController.swift in Sources */ = {isa = PBXBuildFile; fileRef = 87EDCC811DFC0DE800AFAAE7 /* ViewController.swift */; };
		87EDCC851DFC0DE800AFAAE7 /* Main.storyboard in Resources */ = {isa = PBXBuildFile; fileRef = 87EDCC831DFC0DE800AFAAE7 /* Main.storyboard */; };
		87EDCC871DFC0DE800AFAAE7 /* Assets.xcassets in Resources */ = {isa = PBXBuildFile; fileRef = 87EDCC861DFC0DE800AFAAE7 /* Assets.xcassets */; };
		87EDCC8A1DFC0DE800AFAAE7 /* LaunchScreen.storyboard in Resources */ = {isa = PBXBuildFile; fileRef = 87EDCC881DFC0DE800AFAAE7 /* LaunchScreen.storyboard */; };
		87EDCC921DFC0E0100AFAAE7 /* NameViewController.swift in Sources */ = {isa = PBXBuildFile; fileRef = 87EDCC911DFC0E0100AFAAE7 /* NameViewController.swift */; };
		87EDCC941DFC0E0C00AFAAE7 /* HeaderViewController.swift in Sources */ = {isa = PBXBuildFile; fileRef = 87EDCC931DFC0E0C00AFAAE7 /* HeaderViewController.swift */; };
/* End PBXBuildFile section */

/* Begin PBXFileReference section */
		87EDCC7C1DFC0DE800AFAAE7 /* GNavTest3ByS3.app */ = {isa = PBXFileReference; explicitFileType = wrapper.application; includeInIndex = 0; path = GNavTest3ByS3.app; sourceTree = BUILT_PRODUCTS_DIR; };
		87EDCC7F1DFC0DE800AFAAE7 /* AppDelegate.swift */ = {isa = PBXFileReference; lastKnownFileType = sourcecode.swift; path = AppDelegate.swift; sourceTree = "<group>"; };
		87EDCC811DFC0DE800AFAAE7 /* ViewController.swift */ = {isa = PBXFileReference; lastKnownFileType = sourcecode.swift; path = ViewController.swift; sourceTree = "<group>"; };
		87EDCC841DFC0DE800AFAAE7 /* Base */ = {isa = PBXFileReference; lastKnownFileType = file.storyboard; name = Base; path = Base.lproj/Main.storyboard; sourceTree = "<group>"; };
		87EDCC861DFC0DE800AFAAE7 /* Assets.xcassets */ = {isa = PBXFileReference; lastKnownFileType = folder.assetcatalog; path = Assets.xcassets; sourceTree = "<group>"; };
		87EDCC891DFC0DE800AFAAE7 /* Base */ = {isa = PBXFileReference; lastKnownFileType = file.storyboard; name = Base; path = Base.lproj/LaunchScreen.storyboard; sourceTree = "<group>"; };
		87EDCC8B1DFC0DE800AFAAE7 /* Info.plist */ = {isa = PBXFileReference; lastKnownFileType = text.plist.xml; path = Info.plist; sourceTree = "<group>"; };
		87EDCC911DFC0E0100AFAAE7 /* NameViewController.swift */ = {isa = PBXFileReference; fileEncoding = 4; lastKnownFileType = sourcecode.swift; path = NameViewController.swift; sourceTree = "<group>"; };
		87EDCC931DFC0E0C00AFAAE7 /* HeaderViewController.swift */ = {isa = PBXFileReference; fileEncoding = 4; lastKnownFileType = sourcecode.swift; path = HeaderViewController.swift; sourceTree = "<group>"; };
/* End PBXFileReference section */

/* Begin PBXFrameworksBuildPhase section */
		87EDCC791DFC0DE800AFAAE7 /* Frameworks */ = {
			isa = PBXFrameworksBuildPhase;
			buildActionMask = 2147483647;
			files = (
			);
			runOnlyForDeploymentPostprocessing = 0;
		};
/* End PBXFrameworksBuildPhase section */

/* Begin PBXGroup section */
		87EDCC731DFC0DE800AFAAE7 = {
			isa = PBXGroup;
			children = (
				87EDCC7E1DFC0DE800AFAAE7 /* GNavTest3ByS3 */,
				87EDCC7D1DFC0DE800AFAAE7 /* Products */,
			);
			sourceTree = "<group>";
		};
		87EDCC7D1DFC0DE800AFAAE7 /* Products */ = {
			isa = PBXGroup;
			children = (
				87EDCC7C1DFC0DE800AFAAE7 /* GNavTest3ByS3.app */,
			);
			name = Products;
			sourceTree = "<group>";
		};
		87EDCC7E1DFC0DE800AFAAE7 /* GNavTest3ByS3 */ = {
			isa = PBXGroup;
			children = (
				87EDCC7F1DFC0DE800AFAAE7 /* AppDelegate.swift */,
				87EDCC811DFC0DE800AFAAE7 /* ViewController.swift */,
				87EDCC931DFC0E0C00AFAAE7 /* HeaderViewController.swift */,
				87EDCC911DFC0E0100AFAAE7 /* NameViewController.swift */,
				87EDCC831DFC0DE800AFAAE7 /* Main.storyboard */,
				87EDCC861DFC0DE800AFAAE7 /* Assets.xcassets */,
				87EDCC881DFC0DE800AFAAE7 /* LaunchScreen.storyboard */,
				87EDCC8B1DFC0DE800AFAAE7 /* Info.plist */,
			);
			path = GNavTest3ByS3;
			sourceTree = "<group>";
		};
/* End PBXGroup section */

/* Begin PBXNativeTarget section */
		87EDCC7B1DFC0DE800AFAAE7 /* GNavTest3ByS3 */ = {
			isa = PBXNativeTarget;
			buildConfigurationList = 87EDCC8E1DFC0DE800AFAAE7 /* Build configuration list for PBXNativeTarget "GNavTest3ByS3" */;
			buildPhases = (
				87EDCC781DFC0DE800AFAAE7 /* Sources */,
				87EDCC791DFC0DE800AFAAE7 /* Frameworks */,
				87EDCC7A1DFC0DE800AFAAE7 /* Resources */,
			);
			buildRules = (
			);
			dependencies = (
			);
			name = GNavTest3ByS3;
			productName = GNavTest3ByS3;
			productReference = 87EDCC7C1DFC0DE800AFAAE7 /* GNavTest3ByS3.app */;
			productType = "com.apple.product-type.application";
		};
/* End PBXNativeTarget section */

/* Begin PBXProject section */
		87EDCC741DFC0DE800AFAAE7 /* Project object */ = {
			isa = PBXProject;
			attributes = {
				LastSwiftUpdateCheck = 0810;
				LastUpgradeCheck = 0810;
				ORGANIZATIONNAME = ihuasheng;
				TargetAttributes = {
					87EDCC7B1DFC0DE800AFAAE7 = {
						CreatedOnToolsVersion = 8.1;
						ProvisioningStyle = Automatic;
					};
				};
			};
			buildConfigurationList = 87EDCC771DFC0DE800AFAAE7 /* Build configuration list for PBXProject "GNavTest3ByS3" */;
			compatibilityVersion = "Xcode 3.2";
			developmentRegion = English;
			hasScannedForEncodings = 0;
			knownRegions = (
				en,
				Base,
			);
			mainGroup = 87EDCC731DFC0DE800AFAAE7;
			productRefGroup = 87EDCC7D1DFC0DE800AFAAE7 /* Products */;
			projectDirPath = "";
			projectRoot = "";
			targets = (
				87EDCC7B1DFC0DE800AFAAE7 /* GNavTest3ByS3 */,
			);
		};
/* End PBXProject section */

/* Begin PBXResourcesBuildPhase section */
		87EDCC7A1DFC0DE800AFAAE7 /* Resources */ = {
			isa = PBXResourcesBuildPhase;
			buildActionMask = 2147483647;
			files = (
				87EDCC8A1DFC0DE800AFAAE7 /* LaunchScreen.storyboard in Resources */,
				87EDCC871DFC0DE800AFAAE7 /* Assets.xcassets in Resources */,
				87EDCC851DFC0DE800AFAAE7 /* Main.storyboard in Resources */,
			);
			runOnlyForDeploymentPostprocessing = 0;
		};
/* End PBXResourcesBuildPhase section */

/* Begin PBXSourcesBuildPhase section */
		87EDCC781DFC0DE800AFAAE7 /* Sources */ = {
			isa = PBXSourcesBuildPhase;
			buildActionMask = 2147483647;
			files = (
				87EDCC821DFC0DE800AFAAE7 /* ViewController.swift in Sources */,
				87EDCC941DFC0E0C00AFAAE7 /* HeaderViewController.swift in Sources */,
				87EDCC801DFC0DE800AFAAE7 /* AppDelegate.swift in Sources */,
				87EDCC921DFC0E0100AFAAE7 /* NameViewController.swift in Sources */,
			);
			runOnlyForDeploymentPostprocessing = 0;
		};
/* End PBXSourcesBuildPhase section */

/* Begin PBXVariantGroup section */
		87EDCC831DFC0DE800AFAAE7 /* Main.storyboard */ = {
			isa = PBXVariantGroup;
			children = (
				87EDCC841DFC0DE800AFAAE7 /* Base */,
			);
			name = Main.storyboard;
			sourceTree = "<group>";
		};
		87EDCC881DFC0DE800AFAAE7 /* LaunchScreen.storyboard */ = {
			isa = PBXVariantGroup;
			children = (
				87EDCC891DFC0DE800AFAAE7 /* Base */,
			);
			name = LaunchScreen.storyboard;
			sourceTree = "<group>";
		};
/* End PBXVariantGroup section */

/* Begin XCBuildConfiguration section */
		87EDCC8C1DFC0DE800AFAAE7 /* Debug */ = {
			isa = XCBuildConfiguration;
			buildSettings = {
				ALWAYS_SEARCH_USER_PATHS = NO;
				CLANG_ANALYZER_NONNULL = YES;
				CLANG_CXX_LANGUAGE_STANDARD = "gnu++0x";
				CLANG_CXX_LIBRARY = "libc++";
				CLANG_ENABLE_MODULES = YES;
				CLANG_ENABLE_OBJC_ARC = YES;
				CLANG_WARN_BOOL_CONVERSION = YES;
				CLANG_WARN_CONSTANT_CONVERSION = YES;
				CLANG_WARN_DIRECT_OBJC_ISA_USAGE = YES_ERROR;
				CLANG_WARN_DOCUMENTATION_COMMENTS = YES;
				CLANG_WARN_EMPTY_BODY = YES;
				CLANG_WARN_ENUM_CONVERSION = YES;
				CLANG_WARN_INFINITE_RECURSION = YES;
				CLANG_WARN_INT_CONVERSION = YES;
				CLANG_WARN_OBJC_ROOT_CLASS = YES_ERROR;
				CLANG_WARN_SUSPICIOUS_MOVES = YES;
				CLANG_WARN_UNREACHABLE_CODE = YES;
				CLANG_WARN__DUPLICATE_METHOD_MATCH = YES;
				"CODE_SIGN_IDENTITY[sdk=iphoneos*]" = "iPhone Developer";
				COPY_PHASE_STRIP = NO;
				DEBUG_INFORMATION_FORMAT = dwarf;
				ENABLE_STRICT_OBJC_MSGSEND = YES;
				ENABLE_TESTABILITY = YES;
				GCC_C_LANGUAGE_STANDARD = gnu99;
				GCC_DYNAMIC_NO_PIC = NO;
				GCC_NO_COMMON_BLOCKS = YES;
				GCC_OPTIMIZATION_LEVEL = 0;
				GCC_PREPROCESSOR_DEFINITIONS = (
					"DEBUG=1",
					"$(inherited)",
				);
				GCC_WARN_64_TO_32_BIT_CONVERSION = YES;
				GCC_WARN_ABOUT_RETURN_TYPE = YES_ERROR;
				GCC_WARN_UNDECLARED_SELECTOR = YES;
				GCC_WARN_UNINITIALIZED_AUTOS = YES_AGGRESSIVE;
				GCC_WARN_UNUSED_FUNCTION = YES;
				GCC_WARN_UNUSED_VARIABLE = YES;
				IPHONEOS_DEPLOYMENT_TARGET = 10.1;
				MTL_ENABLE_DEBUG_INFO = YES;
				ONLY_ACTIVE_ARCH = YES;
				SDKROOT = iphoneos;
				SWIFT_ACTIVE_COMPILATION_CONDITIONS = DEBUG;
				SWIFT_OPTIMIZATION_LEVEL = "-Onone";
			};
			name = Debug;
		};
		87EDCC8D1DFC0DE800AFAAE7 /* Release */ = {
			isa = XCBuildConfiguration;
			buildSettings = {
				ALWAYS_SEARCH_USER_PATHS = NO;
				CLANG_ANALYZER_NONNULL = YES;
				CLANG_CXX_LANGUAGE_STANDARD = "gnu++0x";
				CLANG_CXX_LIBRARY = "libc++";
				CLANG_ENABLE_MODULES = YES;
				CLANG_ENABLE_OBJC_ARC = YES;
				CLANG_WARN_BOOL_CONVERSION = YES;
				CLANG_WARN_CONSTANT_CONVERSION = YES;
				CLANG_WARN_DIRECT_OBJC_ISA_USAGE = YES_ERROR;
				CLANG_WARN_DOCUMENTATION_COMMENTS = YES;
				CLANG_WARN_EMPTY_BODY = YES;
				CLANG_WARN_ENUM_CONVERSION = YES;
				CLANG_WARN_INFINITE_RECURSION = YES;
				CLANG_WARN_INT_CONVERSION = YES;
				CLANG_WARN_OBJC_ROOT_CLASS = YES_ERROR;
				CLANG_WARN_SUSPICIOUS_MOVES = YES;
				CLANG_WARN_UNREACHABLE_CODE = YES;
				CLANG_WARN__DUPLICATE_METHOD_MATCH = YES;
				"CODE_SIGN_IDENTITY[sdk=iphoneos*]" = "iPhone Developer";
				COPY_PHASE_STRIP = NO;
				DEBUG_INFORMATION_FORMAT = "dwarf-with-dsym";
				ENABLE_NS_ASSERTIONS = NO;
				ENABLE_STRICT_OBJC_MSGSEND = YES;
				GCC_C_LANGUAGE_STANDARD = gnu99;
				GCC_NO_COMMON_BLOCKS = YES;
				GCC_WARN_64_TO_32_BIT_CONVERSION = YES;
				GCC_WARN_ABOUT_RETURN_TYPE = YES_ERROR;
				GCC_WARN_UNDECLARED_SELECTOR = YES;
				GCC_WARN_UNINITIALIZED_AUTOS = YES_AGGRESSIVE;
				GCC_WARN_UNUSED_FUNCTION = YES;
				GCC_WARN_UNUSED_VARIABLE = YES;
				IPHONEOS_DEPLOYMENT_TARGET = 10.1;
				MTL_ENABLE_DEBUG_INFO = NO;
				SDKROOT = iphoneos;
				SWIFT_OPTIMIZATION_LEVEL = "-Owholemodule";
				VALIDATE_PRODUCT = YES;
			};
			name = Release;
		};
		87EDCC8F1DFC0DE800AFAAE7 /* Debug */ = {
			isa = XCBuildConfiguration;
			buildSettings = {
				ASSETCATALOG_COMPILER_APPICON_NAME = AppIcon;
				INFOPLIST_FILE = GNavTest3ByS3/Info.plist;
				LD_RUNPATH_SEARCH_PATHS = "$(inherited) @executable_path/Frameworks";
				PRODUCT_BUNDLE_IDENTIFIER = com.ihuasheng.GNavTest3ByS3;
				PRODUCT_NAME = "$(TARGET_NAME)";
				SWIFT_VERSION = 3.0;
			};
			name = Debug;
		};
		87EDCC901DFC0DE800AFAAE7 /* Release */ = {
			isa = XCBuildConfiguration;
			buildSettings = {
				ASSETCATALOG_COMPILER_APPICON_NAME = AppIcon;
				INFOPLIST_FILE = GNavTest3ByS3/Info.plist;
				LD_RUNPATH_SEARCH_PATHS = "$(inherited) @executable_path/Frameworks";
				PRODUCT_BUNDLE_IDENTIFIER = com.ihuasheng.GNavTest3ByS3;
				PRODUCT_NAME = "$(TARGET_NAME)";
				SWIFT_VERSION = 3.0;
			};
			name = Release;
		};
/* End XCBuildConfiguration section */

/* Begin XCConfigurationList section */
		87EDCC771DFC0DE800AFAAE7 /* Build configuration list for PBXProject "GNavTest3ByS3" */ = {
			isa = XCConfigurationList;
			buildConfigurations = (
				87EDCC8C1DFC0DE800AFAAE7 /* Debug */,
				87EDCC8D1DFC0DE800AFAAE7 /* Release */,
			);
			defaultConfigurationIsVisible = 0;
			defaultConfigurationName = Release;
		};
		87EDCC8E1DFC0DE800AFAAE7 /* Build configuration list for PBXNativeTarget "GNavTest3ByS3" */ = {
			isa = XCConfigurationList;
			buildConfigurations = (
				87EDCC8F1DFC0DE800AFAAE7 /* Debug */,
				87EDCC901DFC0DE800AFAAE7 /* Release */,
			);
			defaultConfigurationIsVisible = 0;
		};
/* End XCConfigurationList section */
	};
	rootObject = 87EDCC741DFC0DE800AFAAE7 /* Project object */;
}
