// !$*UTF8*$!
{
	archiveVersion = 1;
	classes = {
	};
	objectVersion = 46;
	objects = {

/* Begin PBXBuildFile section */
		874AE2BC1E0FE6D800808615 /* AppDelegate.swift in Sources */ = {isa = PBXBuildFile; fileRef = 874AE2BB1E0FE6D800808615 /* AppDelegate.swift */; };
		874AE2BE1E0FE6D800808615 /* ViewController.swift in Sources */ = {isa = PBXBuildFile; fileRef = 874AE2BD1E0FE6D800808615 /* ViewController.swift */; };
		874AE2C11E0FE6D800808615 /* Main.storyboard in Resources */ = {isa = PBXBuildFile; fileRef = 874AE2BF1E0FE6D800808615 /* Main.storyboard */; };
		874AE2C31E0FE6D800808615 /* Assets.xcassets in Resources */ = {isa = PBXBuildFile; fileRef = 874AE2C21E0FE6D800808615 /* Assets.xcassets */; };
		874AE2C61E0FE6D800808615 /* LaunchScreen.storyboard in Resources */ = {isa = PBXBuildFile; fileRef = 874AE2C41E0FE6D800808615 /* LaunchScreen.storyboard */; };
		874AE2CE1E0FE6F300808615 /* FileUtil.swift in Sources */ = {isa = PBXBuildFile; fileRef = 874AE2CD1E0FE6F300808615 /* FileUtil.swift */; };
/* End PBXBuildFile section */

/* Begin PBXFileReference section */
		874AE2B81E0FE6D800808615 /* GFileTest2ByS3.app */ = {isa = PBXFileReference; explicitFileType = wrapper.application; includeInIndex = 0; path = GFileTest2ByS3.app; sourceTree = BUILT_PRODUCTS_DIR; };
		874AE2BB1E0FE6D800808615 /* AppDelegate.swift */ = {isa = PBXFileReference; lastKnownFileType = sourcecode.swift; path = AppDelegate.swift; sourceTree = "<group>"; };
		874AE2BD1E0FE6D800808615 /* ViewController.swift */ = {isa = PBXFileReference; lastKnownFileType = sourcecode.swift; path = ViewController.swift; sourceTree = "<group>"; };
		874AE2C01E0FE6D800808615 /* Base */ = {isa = PBXFileReference; lastKnownFileType = file.storyboard; name = Base; path = Base.lproj/Main.storyboard; sourceTree = "<group>"; };
		874AE2C21E0FE6D800808615 /* Assets.xcassets */ = {isa = PBXFileReference; lastKnownFileType = folder.assetcatalog; path = Assets.xcassets; sourceTree = "<group>"; };
		874AE2C51E0FE6D800808615 /* Base */ = {isa = PBXFileReference; lastKnownFileType = file.storyboard; name = Base; path = Base.lproj/LaunchScreen.storyboard; sourceTree = "<group>"; };
		874AE2C71E0FE6D800808615 /* Info.plist */ = {isa = PBXFileReference; lastKnownFileType = text.plist.xml; path = Info.plist; sourceTree = "<group>"; };
		874AE2CD1E0FE6F300808615 /* FileUtil.swift */ = {isa = PBXFileReference; fileEncoding = 4; lastKnownFileType = sourcecode.swift; path = FileUtil.swift; sourceTree = "<group>"; };
/* End PBXFileReference section */

/* Begin PBXFrameworksBuildPhase section */
		874AE2B51E0FE6D800808615 /* Frameworks */ = {
			isa = PBXFrameworksBuildPhase;
			buildActionMask = 2147483647;
			files = (
			);
			runOnlyForDeploymentPostprocessing = 0;
		};
/* End PBXFrameworksBuildPhase section */

/* Begin PBXGroup section */
		874AE2AF1E0FE6D700808615 = {
			isa = PBXGroup;
			children = (
				874AE2BA1E0FE6D800808615 /* GFileTest2ByS3 */,
				874AE2B91E0FE6D800808615 /* Products */,
			);
			sourceTree = "<group>";
		};
		874AE2B91E0FE6D800808615 /* Products */ = {
			isa = PBXGroup;
			children = (
				874AE2B81E0FE6D800808615 /* GFileTest2ByS3.app */,
			);
			name = Products;
			sourceTree = "<group>";
		};
		874AE2BA1E0FE6D800808615 /* GFileTest2ByS3 */ = {
			isa = PBXGroup;
			children = (
				874AE2BB1E0FE6D800808615 /* AppDelegate.swift */,
				874AE2BD1E0FE6D800808615 /* ViewController.swift */,
				874AE2BF1E0FE6D800808615 /* Main.storyboard */,
				874AE2C21E0FE6D800808615 /* Assets.xcassets */,
				874AE2C41E0FE6D800808615 /* LaunchScreen.storyboard */,
				874AE2C71E0FE6D800808615 /* Info.plist */,
				874AE2CD1E0FE6F300808615 /* FileUtil.swift */,
			);
			path = GFileTest2ByS3;
			sourceTree = "<group>";
		};
/* End PBXGroup section */

/* Begin PBXNativeTarget section */
		874AE2B71E0FE6D800808615 /* GFileTest2ByS3 */ = {
			isa = PBXNativeTarget;
			buildConfigurationList = 874AE2CA1E0FE6D800808615 /* Build configuration list for PBXNativeTarget "GFileTest2ByS3" */;
			buildPhases = (
				874AE2B41E0FE6D800808615 /* Sources */,
				874AE2B51E0FE6D800808615 /* Frameworks */,
				874AE2B61E0FE6D800808615 /* Resources */,
			);
			buildRules = (
			);
			dependencies = (
			);
			name = GFileTest2ByS3;
			productName = GFileTest2ByS3;
			productReference = 874AE2B81E0FE6D800808615 /* GFileTest2ByS3.app */;
			productType = "com.apple.product-type.application";
		};
/* End PBXNativeTarget section */

/* Begin PBXProject section */
		874AE2B01E0FE6D700808615 /* Project object */ = {
			isa = PBXProject;
			attributes = {
				LastSwiftUpdateCheck = 0820;
				LastUpgradeCheck = 0820;
				ORGANIZATIONNAME = ihuasheng;
				TargetAttributes = {
					874AE2B71E0FE6D800808615 = {
						CreatedOnToolsVersion = 8.2.1;
						ProvisioningStyle = Automatic;
					};
				};
			};
			buildConfigurationList = 874AE2B31E0FE6D800808615 /* Build configuration list for PBXProject "GFileTest2ByS3" */;
			compatibilityVersion = "Xcode 3.2";
			developmentRegion = English;
			hasScannedForEncodings = 0;
			knownRegions = (
				en,
				Base,
			);
			mainGroup = 874AE2AF1E0FE6D700808615;
			productRefGroup = 874AE2B91E0FE6D800808615 /* Products */;
			projectDirPath = "";
			projectRoot = "";
			targets = (
				874AE2B71E0FE6D800808615 /* GFileTest2ByS3 */,
			);
		};
/* End PBXProject section */

/* Begin PBXResourcesBuildPhase section */
		874AE2B61E0FE6D800808615 /* Resources */ = {
			isa = PBXResourcesBuildPhase;
			buildActionMask = 2147483647;
			files = (
				874AE2C61E0FE6D800808615 /* LaunchScreen.storyboard in Resources */,
				874AE2C31E0FE6D800808615 /* Assets.xcassets in Resources */,
				874AE2C11E0FE6D800808615 /* Main.storyboard in Resources */,
			);
			runOnlyForDeploymentPostprocessing = 0;
		};
/* End PBXResourcesBuildPhase section */

/* Begin PBXSourcesBuildPhase section */
		874AE2B41E0FE6D800808615 /* Sources */ = {
			isa = PBXSourcesBuildPhase;
			buildActionMask = 2147483647;
			files = (
				874AE2CE1E0FE6F300808615 /* FileUtil.swift in Sources */,
				874AE2BE1E0FE6D800808615 /* ViewController.swift in Sources */,
				874AE2BC1E0FE6D800808615 /* AppDelegate.swift in Sources */,
			);
			runOnlyForDeploymentPostprocessing = 0;
		};
/* End PBXSourcesBuildPhase section */

/* Begin PBXVariantGroup section */
		874AE2BF1E0FE6D800808615 /* Main.storyboard */ = {
			isa = PBXVariantGroup;
			children = (
				874AE2C01E0FE6D800808615 /* Base */,
			);
			name = Main.storyboard;
			sourceTree = "<group>";
		};
		874AE2C41E0FE6D800808615 /* LaunchScreen.storyboard */ = {
			isa = PBXVariantGroup;
			children = (
				874AE2C51E0FE6D800808615 /* Base */,
			);
			name = LaunchScreen.storyboard;
			sourceTree = "<group>";
		};
/* End PBXVariantGroup section */

/* Begin XCBuildConfiguration section */
		874AE2C81E0FE6D800808615 /* Debug */ = {
			isa = XCBuildConfiguration;
			buildSettings = {
				ALWAYS_SEARCH_USER_PATHS = NO;
				CLANG_ANALYZER_NONNULL = YES;
				CLANG_CXX_LANGUAGE_STANDARD = "gnu++0x";
				CLANG_CXX_LIBRARY = "libc++";
				CLANG_ENABLE_MODULES = YES;
				CLANG_ENABLE_OBJC_ARC = YES;
				CLANG_WARN_BOOL_CONVERSION = YES;
				CLANG_WARN_CONSTANT_CONVERSION = YES;
				CLANG_WARN_DIRECT_OBJC_ISA_USAGE = YES_ERROR;
				CLANG_WARN_DOCUMENTATION_COMMENTS = YES;
				CLANG_WARN_EMPTY_BODY = YES;
				CLANG_WARN_ENUM_CONVERSION = YES;
				CLANG_WARN_INFINITE_RECURSION = YES;
				CLANG_WARN_INT_CONVERSION = YES;
				CLANG_WARN_OBJC_ROOT_CLASS = YES_ERROR;
				CLANG_WARN_SUSPICIOUS_MOVE = YES;
				CLANG_WARN_UNREACHABLE_CODE = YES;
				CLANG_WARN__DUPLICATE_METHOD_MATCH = YES;
				"CODE_SIGN_IDENTITY[sdk=iphoneos*]" = "iPhone Developer";
				COPY_PHASE_STRIP = NO;
				DEBUG_INFORMATION_FORMAT = dwarf;
				ENABLE_STRICT_OBJC_MSGSEND = YES;
				ENABLE_TESTABILITY = YES;
				GCC_C_LANGUAGE_STANDARD = gnu99;
				GCC_DYNAMIC_NO_PIC = NO;
				GCC_NO_COMMON_BLOCKS = YES;
				GCC_OPTIMIZATION_LEVEL = 0;
				GCC_PREPROCESSOR_DEFINITIONS = (
					"DEBUG=1",
					"$(inherited)",
				);
				GCC_WARN_64_TO_32_BIT_CONVERSION = YES;
				GCC_WARN_ABOUT_RETURN_TYPE = YES_ERROR;
				GCC_WARN_UNDECLARED_SELECTOR = YES;
				GCC_WARN_UNINITIALIZED_AUTOS = YES_AGGRESSIVE;
				GCC_WARN_UNUSED_FUNCTION = YES;
				GCC_WARN_UNUSED_VARIABLE = YES;
				IPHONEOS_DEPLOYMENT_TARGET = 10.2;
				MTL_ENABLE_DEBUG_INFO = YES;
				ONLY_ACTIVE_ARCH = YES;
				SDKROOT = iphoneos;
				SWIFT_ACTIVE_COMPILATION_CONDITIONS = DEBUG;
				SWIFT_OPTIMIZATION_LEVEL = "-Onone";
			};
			name = Debug;
		};
		874AE2C91E0FE6D800808615 /* Release */ = {
			isa = XCBuildConfiguration;
			buildSettings = {
				ALWAYS_SEARCH_USER_PATHS = NO;
				CLANG_ANALYZER_NONNULL = YES;
				CLANG_CXX_LANGUAGE_STANDARD = "gnu++0x";
				CLANG_CXX_LIBRARY = "libc++";
				CLANG_ENABLE_MODULES = YES;
				CLANG_ENABLE_OBJC_ARC = YES;
				CLANG_WARN_BOOL_CONVERSION = YES;
				CLANG_WARN_CONSTANT_CONVERSION = YES;
				CLANG_WARN_DIRECT_OBJC_ISA_USAGE = YES_ERROR;
				CLANG_WARN_DOCUMENTATION_COMMENTS = YES;
				CLANG_WARN_EMPTY_BODY = YES;
				CLANG_WARN_ENUM_CONVERSION = YES;
				CLANG_WARN_INFINITE_RECURSION = YES;
				CLANG_WARN_INT_CONVERSION = YES;
				CLANG_WARN_OBJC_ROOT_CLASS = YES_ERROR;
				CLANG_WARN_SUSPICIOUS_MOVE = YES;
				CLANG_WARN_UNREACHABLE_CODE = YES;
				CLANG_WARN__DUPLICATE_METHOD_MATCH = YES;
				"CODE_SIGN_IDENTITY[sdk=iphoneos*]" = "iPhone Developer";
				COPY_PHASE_STRIP = NO;
				DEBUG_INFORMATION_FORMAT = "dwarf-with-dsym";
				ENABLE_NS_ASSERTIONS = NO;
				ENABLE_STRICT_OBJC_MSGSEND = YES;
				GCC_C_LANGUAGE_STANDARD = gnu99;
				GCC_NO_COMMON_BLOCKS = YES;
				GCC_WARN_64_TO_32_BIT_CONVERSION = YES;
				GCC_WARN_ABOUT_RETURN_TYPE = YES_ERROR;
				GCC_WARN_UNDECLARED_SELECTOR = YES;
				GCC_WARN_UNINITIALIZED_AUTOS = YES_AGGRESSIVE;
				GCC_WARN_UNUSED_FUNCTION = YES;
				GCC_WARN_UNUSED_VARIABLE = YES;
				IPHONEOS_DEPLOYMENT_TARGET = 10.2;
				MTL_ENABLE_DEBUG_INFO = NO;
				SDKROOT = iphoneos;
				SWIFT_OPTIMIZATION_LEVEL = "-Owholemodule";
				VALIDATE_PRODUCT = YES;
			};
			name = Release;
		};
		874AE2CB1E0FE6D800808615 /* Debug */ = {
			isa = XCBuildConfiguration;
			buildSettings = {
				ASSETCATALOG_COMPILER_APPICON_NAME = AppIcon;
				INFOPLIST_FILE = GFileTest2ByS3/Info.plist;
				LD_RUNPATH_SEARCH_PATHS = "$(inherited) @executable_path/Frameworks";
				PRODUCT_BUNDLE_IDENTIFIER = com.ihuasheng.GFileTest2ByS3;
				PRODUCT_NAME = "$(TARGET_NAME)";
				SWIFT_VERSION = 3.0;
			};
			name = Debug;
		};
		874AE2CC1E0FE6D800808615 /* Release */ = {
			isa = XCBuildConfiguration;
			buildSettings = {
				ASSETCATALOG_COMPILER_APPICON_NAME = AppIcon;
				INFOPLIST_FILE = GFileTest2ByS3/Info.plist;
				LD_RUNPATH_SEARCH_PATHS = "$(inherited) @executable_path/Frameworks";
				PRODUCT_BUNDLE_IDENTIFIER = com.ihuasheng.GFileTest2ByS3;
				PRODUCT_NAME = "$(TARGET_NAME)";
				SWIFT_VERSION = 3.0;
			};
			name = Release;
		};
/* End XCBuildConfiguration section */

/* Begin XCConfigurationList section */
		874AE2B31E0FE6D800808615 /* Build configuration list for PBXProject "GFileTest2ByS3" */ = {
			isa = XCConfigurationList;
			buildConfigurations = (
				874AE2C81E0FE6D800808615 /* Debug */,
				874AE2C91E0FE6D800808615 /* Release */,
			);
			defaultConfigurationIsVisible = 0;
			defaultConfigurationName = Release;
		};
		874AE2CA1E0FE6D800808615 /* Build configuration list for PBXNativeTarget "GFileTest2ByS3" */ = {
			isa = XCConfigurationList;
			buildConfigurations = (
				874AE2CB1E0FE6D800808615 /* Debug */,
				874AE2CC1E0FE6D800808615 /* Release */,
			);
			defaultConfigurationIsVisible = 0;
		};
/* End XCConfigurationList section */
	};
	rootObject = 874AE2B01E0FE6D700808615 /* Project object */;
}
