// !$*UTF8*$!
{
	archiveVersion = 1;
	classes = {
	};
	objectVersion = 46;
	objects = {

/* Begin PBXBuildFile section */
		874E0EE11E0A626F00FF51A0 /* AppDelegate.swift in Sources */ = {isa = PBXBuildFile; fileRef = 874E0EE01E0A626F00FF51A0 /* AppDelegate.swift */; };
		874E0EE31E0A626F00FF51A0 /* ViewController.swift in Sources */ = {isa = PBXBuildFile; fileRef = 874E0EE21E0A626F00FF51A0 /* ViewController.swift */; };
		874E0EE61E0A626F00FF51A0 /* Main.storyboard in Resources */ = {isa = PBXBuildFile; fileRef = 874E0EE41E0A626F00FF51A0 /* Main.storyboard */; };
		874E0EE91E0A626F00FF51A0 /* GCoreDataTest5ByS3.xcdatamodeld in Sources */ = {isa = PBXBuildFile; fileRef = 874E0EE71E0A626F00FF51A0 /* GCoreDataTest5ByS3.xcdatamodeld */; };
		874E0EEB1E0A626F00FF51A0 /* Assets.xcassets in Resources */ = {isa = PBXBuildFile; fileRef = 874E0EEA1E0A626F00FF51A0 /* Assets.xcassets */; };
		874E0EEE1E0A626F00FF51A0 /* LaunchScreen.storyboard in Resources */ = {isa = PBXBuildFile; fileRef = 874E0EEC1E0A626F00FF51A0 /* LaunchScreen.storyboard */; };
		874E0EF61E0A62BC00FF51A0 /* DataUtil.swift in Sources */ = {isa = PBXBuildFile; fileRef = 874E0EF51E0A62BC00FF51A0 /* DataUtil.swift */; };
		874E0EF81E0A6D8200FF51A0 /* DetailViewController.swift in Sources */ = {isa = PBXBuildFile; fileRef = 874E0EF71E0A6D8200FF51A0 /* DetailViewController.swift */; };
/* End PBXBuildFile section */

/* Begin PBXFileReference section */
		874E0EDD1E0A626F00FF51A0 /* GCoreDataTest5ByS3.app */ = {isa = PBXFileReference; explicitFileType = wrapper.application; includeInIndex = 0; path = GCoreDataTest5ByS3.app; sourceTree = BUILT_PRODUCTS_DIR; };
		874E0EE01E0A626F00FF51A0 /* AppDelegate.swift */ = {isa = PBXFileReference; lastKnownFileType = sourcecode.swift; path = AppDelegate.swift; sourceTree = "<group>"; };
		874E0EE21E0A626F00FF51A0 /* ViewController.swift */ = {isa = PBXFileReference; lastKnownFileType = sourcecode.swift; path = ViewController.swift; sourceTree = "<group>"; };
		874E0EE51E0A626F00FF51A0 /* Base */ = {isa = PBXFileReference; lastKnownFileType = file.storyboard; name = Base; path = Base.lproj/Main.storyboard; sourceTree = "<group>"; };
		874E0EE81E0A626F00FF51A0 /* GCoreDataTest5ByS3.xcdatamodel */ = {isa = PBXFileReference; lastKnownFileType = wrapper.xcdatamodel; path = GCoreDataTest5ByS3.xcdatamodel; sourceTree = "<group>"; };
		874E0EEA1E0A626F00FF51A0 /* Assets.xcassets */ = {isa = PBXFileReference; lastKnownFileType = folder.assetcatalog; path = Assets.xcassets; sourceTree = "<group>"; };
		874E0EED1E0A626F00FF51A0 /* Base */ = {isa = PBXFileReference; lastKnownFileType = file.storyboard; name = Base; path = Base.lproj/LaunchScreen.storyboard; sourceTree = "<group>"; };
		874E0EEF1E0A626F00FF51A0 /* Info.plist */ = {isa = PBXFileReference; lastKnownFileType = text.plist.xml; path = Info.plist; sourceTree = "<group>"; };
		874E0EF51E0A62BC00FF51A0 /* DataUtil.swift */ = {isa = PBXFileReference; fileEncoding = 4; lastKnownFileType = sourcecode.swift; path = DataUtil.swift; sourceTree = "<group>"; };
		874E0EF71E0A6D8200FF51A0 /* DetailViewController.swift */ = {isa = PBXFileReference; fileEncoding = 4; lastKnownFileType = sourcecode.swift; path = DetailViewController.swift; sourceTree = "<group>"; };
/* End PBXFileReference section */

/* Begin PBXFrameworksBuildPhase section */
		874E0EDA1E0A626F00FF51A0 /* Frameworks */ = {
			isa = PBXFrameworksBuildPhase;
			buildActionMask = 2147483647;
			files = (
			);
			runOnlyForDeploymentPostprocessing = 0;
		};
/* End PBXFrameworksBuildPhase section */

/* Begin PBXGroup section */
		874E0ED41E0A626F00FF51A0 = {
			isa = PBXGroup;
			children = (
				874E0EDF1E0A626F00FF51A0 /* GCoreDataTest5ByS3 */,
				874E0EDE1E0A626F00FF51A0 /* Products */,
			);
			sourceTree = "<group>";
		};
		874E0EDE1E0A626F00FF51A0 /* Products */ = {
			isa = PBXGroup;
			children = (
				874E0EDD1E0A626F00FF51A0 /* GCoreDataTest5ByS3.app */,
			);
			name = Products;
			sourceTree = "<group>";
		};
		874E0EDF1E0A626F00FF51A0 /* GCoreDataTest5ByS3 */ = {
			isa = PBXGroup;
			children = (
				874E0EE01E0A626F00FF51A0 /* AppDelegate.swift */,
				874E0EF51E0A62BC00FF51A0 /* DataUtil.swift */,
				874E0EE21E0A626F00FF51A0 /* ViewController.swift */,
				874E0EF71E0A6D8200FF51A0 /* DetailViewController.swift */,
				874E0EE41E0A626F00FF51A0 /* Main.storyboard */,
				874E0EEA1E0A626F00FF51A0 /* Assets.xcassets */,
				874E0EEC1E0A626F00FF51A0 /* LaunchScreen.storyboard */,
				874E0EEF1E0A626F00FF51A0 /* Info.plist */,
				874E0EE71E0A626F00FF51A0 /* GCoreDataTest5ByS3.xcdatamodeld */,
			);
			path = GCoreDataTest5ByS3;
			sourceTree = "<group>";
		};
/* End PBXGroup section */

/* Begin PBXNativeTarget section */
		874E0EDC1E0A626F00FF51A0 /* GCoreDataTest5ByS3 */ = {
			isa = PBXNativeTarget;
			buildConfigurationList = 874E0EF21E0A626F00FF51A0 /* Build configuration list for PBXNativeTarget "GCoreDataTest5ByS3" */;
			buildPhases = (
				874E0ED91E0A626F00FF51A0 /* Sources */,
				874E0EDA1E0A626F00FF51A0 /* Frameworks */,
				874E0EDB1E0A626F00FF51A0 /* Resources */,
			);
			buildRules = (
			);
			dependencies = (
			);
			name = GCoreDataTest5ByS3;
			productName = GCoreDataTest5ByS3;
			productReference = 874E0EDD1E0A626F00FF51A0 /* GCoreDataTest5ByS3.app */;
			productType = "com.apple.product-type.application";
		};
/* End PBXNativeTarget section */

/* Begin PBXProject section */
		874E0ED51E0A626F00FF51A0 /* Project object */ = {
			isa = PBXProject;
			attributes = {
				LastSwiftUpdateCheck = 0810;
				LastUpgradeCheck = 0810;
				ORGANIZATIONNAME = ihuasheng;
				TargetAttributes = {
					874E0EDC1E0A626F00FF51A0 = {
						CreatedOnToolsVersion = 8.1;
						ProvisioningStyle = Automatic;
					};
				};
			};
			buildConfigurationList = 874E0ED81E0A626F00FF51A0 /* Build configuration list for PBXProject "GCoreDataTest5ByS3" */;
			compatibilityVersion = "Xcode 3.2";
			developmentRegion = English;
			hasScannedForEncodings = 0;
			knownRegions = (
				en,
				Base,
			);
			mainGroup = 874E0ED41E0A626F00FF51A0;
			productRefGroup = 874E0EDE1E0A626F00FF51A0 /* Products */;
			projectDirPath = "";
			projectRoot = "";
			targets = (
				874E0EDC1E0A626F00FF51A0 /* GCoreDataTest5ByS3 */,
			);
		};
/* End PBXProject section */

/* Begin PBXResourcesBuildPhase section */
		874E0EDB1E0A626F00FF51A0 /* Resources */ = {
			isa = PBXResourcesBuildPhase;
			buildActionMask = 2147483647;
			files = (
				874E0EEE1E0A626F00FF51A0 /* LaunchScreen.storyboard in Resources */,
				874E0EEB1E0A626F00FF51A0 /* Assets.xcassets in Resources */,
				874E0EE61E0A626F00FF51A0 /* Main.storyboard in Resources */,
			);
			runOnlyForDeploymentPostprocessing = 0;
		};
/* End PBXResourcesBuildPhase section */

/* Begin PBXSourcesBuildPhase section */
		874E0ED91E0A626F00FF51A0 /* Sources */ = {
			isa = PBXSourcesBuildPhase;
			buildActionMask = 2147483647;
			files = (
				874E0EE31E0A626F00FF51A0 /* ViewController.swift in Sources */,
				874E0EF61E0A62BC00FF51A0 /* DataUtil.swift in Sources */,
				874E0EF81E0A6D8200FF51A0 /* DetailViewController.swift in Sources */,
				874E0EE91E0A626F00FF51A0 /* GCoreDataTest5ByS3.xcdatamodeld in Sources */,
				874E0EE11E0A626F00FF51A0 /* AppDelegate.swift in Sources */,
			);
			runOnlyForDeploymentPostprocessing = 0;
		};
/* End PBXSourcesBuildPhase section */

/* Begin PBXVariantGroup section */
		874E0EE41E0A626F00FF51A0 /* Main.storyboard */ = {
			isa = PBXVariantGroup;
			children = (
				874E0EE51E0A626F00FF51A0 /* Base */,
			);
			name = Main.storyboard;
			sourceTree = "<group>";
		};
		874E0EEC1E0A626F00FF51A0 /* LaunchScreen.storyboard */ = {
			isa = PBXVariantGroup;
			children = (
				874E0EED1E0A626F00FF51A0 /* Base */,
			);
			name = LaunchScreen.storyboard;
			sourceTree = "<group>";
		};
/* End PBXVariantGroup section */

/* Begin XCBuildConfiguration section */
		874E0EF01E0A626F00FF51A0 /* Debug */ = {
			isa = XCBuildConfiguration;
			buildSettings = {
				ALWAYS_SEARCH_USER_PATHS = NO;
				CLANG_ANALYZER_NONNULL = YES;
				CLANG_CXX_LANGUAGE_STANDARD = "gnu++0x";
				CLANG_CXX_LIBRARY = "libc++";
				CLANG_ENABLE_MODULES = YES;
				CLANG_ENABLE_OBJC_ARC = YES;
				CLANG_WARN_BOOL_CONVERSION = YES;
				CLANG_WARN_CONSTANT_CONVERSION = YES;
				CLANG_WARN_DIRECT_OBJC_ISA_USAGE = YES_ERROR;
				CLANG_WARN_DOCUMENTATION_COMMENTS = YES;
				CLANG_WARN_EMPTY_BODY = YES;
				CLANG_WARN_ENUM_CONVERSION = YES;
				CLANG_WARN_INFINITE_RECURSION = YES;
				CLANG_WARN_INT_CONVERSION = YES;
				CLANG_WARN_OBJC_ROOT_CLASS = YES_ERROR;
				CLANG_WARN_SUSPICIOUS_MOVES = YES;
				CLANG_WARN_UNREACHABLE_CODE = YES;
				CLANG_WARN__DUPLICATE_METHOD_MATCH = YES;
				"CODE_SIGN_IDENTITY[sdk=iphoneos*]" = "iPhone Developer";
				COPY_PHASE_STRIP = NO;
				DEBUG_INFORMATION_FORMAT = dwarf;
				ENABLE_STRICT_OBJC_MSGSEND = YES;
				ENABLE_TESTABILITY = YES;
				GCC_C_LANGUAGE_STANDARD = gnu99;
				GCC_DYNAMIC_NO_PIC = NO;
				GCC_NO_COMMON_BLOCKS = YES;
				GCC_OPTIMIZATION_LEVEL = 0;
				GCC_PREPROCESSOR_DEFINITIONS = (
					"DEBUG=1",
					"$(inherited)",
				);
				GCC_WARN_64_TO_32_BIT_CONVERSION = YES;
				GCC_WARN_ABOUT_RETURN_TYPE = YES_ERROR;
				GCC_WARN_UNDECLARED_SELECTOR = YES;
				GCC_WARN_UNINITIALIZED_AUTOS = YES_AGGRESSIVE;
				GCC_WARN_UNUSED_FUNCTION = YES;
				GCC_WARN_UNUSED_VARIABLE = YES;
				IPHONEOS_DEPLOYMENT_TARGET = 10.1;
				MTL_ENABLE_DEBUG_INFO = YES;
				ONLY_ACTIVE_ARCH = YES;
				SDKROOT = iphoneos;
				SWIFT_ACTIVE_COMPILATION_CONDITIONS = DEBUG;
				SWIFT_OPTIMIZATION_LEVEL = "-Onone";
			};
			name = Debug;
		};
		874E0EF11E0A626F00FF51A0 /* Release */ = {
			isa = XCBuildConfiguration;
			buildSettings = {
				ALWAYS_SEARCH_USER_PATHS = NO;
				CLANG_ANALYZER_NONNULL = YES;
				CLANG_CXX_LANGUAGE_STANDARD = "gnu++0x";
				CLANG_CXX_LIBRARY = "libc++";
				CLANG_ENABLE_MODULES = YES;
				CLANG_ENABLE_OBJC_ARC = YES;
				CLANG_WARN_BOOL_CONVERSION = YES;
				CLANG_WARN_CONSTANT_CONVERSION = YES;
				CLANG_WARN_DIRECT_OBJC_ISA_USAGE = YES_ERROR;
				CLANG_WARN_DOCUMENTATION_COMMENTS = YES;
				CLANG_WARN_EMPTY_BODY = YES;
				CLANG_WARN_ENUM_CONVERSION = YES;
				CLANG_WARN_INFINITE_RECURSION = YES;
				CLANG_WARN_INT_CONVERSION = YES;
				CLANG_WARN_OBJC_ROOT_CLASS = YES_ERROR;
				CLANG_WARN_SUSPICIOUS_MOVES = YES;
				CLANG_WARN_UNREACHABLE_CODE = YES;
				CLANG_WARN__DUPLICATE_METHOD_MATCH = YES;
				"CODE_SIGN_IDENTITY[sdk=iphoneos*]" = "iPhone Developer";
				COPY_PHASE_STRIP = NO;
				DEBUG_INFORMATION_FORMAT = "dwarf-with-dsym";
				ENABLE_NS_ASSERTIONS = NO;
				ENABLE_STRICT_OBJC_MSGSEND = YES;
				GCC_C_LANGUAGE_STANDARD = gnu99;
				GCC_NO_COMMON_BLOCKS = YES;
				GCC_WARN_64_TO_32_BIT_CONVERSION = YES;
				GCC_WARN_ABOUT_RETURN_TYPE = YES_ERROR;
				GCC_WARN_UNDECLARED_SELECTOR = YES;
				GCC_WARN_UNINITIALIZED_AUTOS = YES_AGGRESSIVE;
				GCC_WARN_UNUSED_FUNCTION = YES;
				GCC_WARN_UNUSED_VARIABLE = YES;
				IPHONEOS_DEPLOYMENT_TARGET = 10.1;
				MTL_ENABLE_DEBUG_INFO = NO;
				SDKROOT = iphoneos;
				SWIFT_OPTIMIZATION_LEVEL = "-Owholemodule";
				VALIDATE_PRODUCT = YES;
			};
			name = Release;
		};
		874E0EF31E0A626F00FF51A0 /* Debug */ = {
			isa = XCBuildConfiguration;
			buildSettings = {
				ASSETCATALOG_COMPILER_APPICON_NAME = AppIcon;
				INFOPLIST_FILE = GCoreDataTest5ByS3/Info.plist;
				LD_RUNPATH_SEARCH_PATHS = "$(inherited) @executable_path/Frameworks";
				PRODUCT_BUNDLE_IDENTIFIER = com.ihuasheng.GCoreDataTest5ByS3;
				PRODUCT_NAME = "$(TARGET_NAME)";
				SWIFT_VERSION = 3.0;
			};
			name = Debug;
		};
		874E0EF41E0A626F00FF51A0 /* Release */ = {
			isa = XCBuildConfiguration;
			buildSettings = {
				ASSETCATALOG_COMPILER_APPICON_NAME = AppIcon;
				INFOPLIST_FILE = GCoreDataTest5ByS3/Info.plist;
				LD_RUNPATH_SEARCH_PATHS = "$(inherited) @executable_path/Frameworks";
				PRODUCT_BUNDLE_IDENTIFIER = com.ihuasheng.GCoreDataTest5ByS3;
				PRODUCT_NAME = "$(TARGET_NAME)";
				SWIFT_VERSION = 3.0;
			};
			name = Release;
		};
/* End XCBuildConfiguration section */

/* Begin XCConfigurationList section */
		874E0ED81E0A626F00FF51A0 /* Build configuration list for PBXProject "GCoreDataTest5ByS3" */ = {
			isa = XCConfigurationList;
			buildConfigurations = (
				874E0EF01E0A626F00FF51A0 /* Debug */,
				874E0EF11E0A626F00FF51A0 /* Release */,
			);
			defaultConfigurationIsVisible = 0;
			defaultConfigurationName = Release;
		};
		874E0EF21E0A626F00FF51A0 /* Build configuration list for PBXNativeTarget "GCoreDataTest5ByS3" */ = {
			isa = XCConfigurationList;
			buildConfigurations = (
				874E0EF31E0A626F00FF51A0 /* Debug */,
				874E0EF41E0A626F00FF51A0 /* Release */,
			);
			defaultConfigurationIsVisible = 0;
		};
/* End XCConfigurationList section */

/* Begin XCVersionGroup section */
		874E0EE71E0A626F00FF51A0 /* GCoreDataTest5ByS3.xcdatamodeld */ = {
			isa = XCVersionGroup;
			children = (
				874E0EE81E0A626F00FF51A0 /* GCoreDataTest5ByS3.xcdatamodel */,
			);
			currentVersion = 874E0EE81E0A626F00FF51A0 /* GCoreDataTest5ByS3.xcdatamodel */;
			path = GCoreDataTest5ByS3.xcdatamodeld;
			sourceTree = "<group>";
			versionGroupType = wrapper.xcdatamodel;
		};
/* End XCVersionGroup section */
	};
	rootObject = 874E0ED51E0A626F00FF51A0 /* Project object */;
}
