// !$*UTF8*$!
{
	archiveVersion = 1;
	classes = {
	};
	objectVersion = 46;
	objects = {

/* Begin PBXBuildFile section */
		879177571E0D1AF900DF2E96 /* AppDelegate.swift in Sources */ = {isa = PBXBuildFile; fileRef = 879177561E0D1AF900DF2E96 /* AppDelegate.swift */; };
		879177591E0D1AF900DF2E96 /* ViewController.swift in Sources */ = {isa = PBXBuildFile; fileRef = 879177581E0D1AF900DF2E96 /* ViewController.swift */; };
		8791775C1E0D1AF900DF2E96 /* Main.storyboard in Resources */ = {isa = PBXBuildFile; fileRef = 8791775A1E0D1AF900DF2E96 /* Main.storyboard */; };
		8791775E1E0D1AF900DF2E96 /* Assets.xcassets in Resources */ = {isa = PBXBuildFile; fileRef = 8791775D1E0D1AF900DF2E96 /* Assets.xcassets */; };
		879177611E0D1AF900DF2E96 /* LaunchScreen.storyboard in Resources */ = {isa = PBXBuildFile; fileRef = 8791775F1E0D1AF900DF2E96 /* LaunchScreen.storyboard */; };
/* End PBXBuildFile section */

/* Begin PBXFileReference section */
		879177531E0D1AF900DF2E96 /* GSettingTest3ByS3.app */ = {isa = PBXFileReference; explicitFileType = wrapper.application; includeInIndex = 0; path = GSettingTest3ByS3.app; sourceTree = BUILT_PRODUCTS_DIR; };
		879177561E0D1AF900DF2E96 /* AppDelegate.swift */ = {isa = PBXFileReference; lastKnownFileType = sourcecode.swift; path = AppDelegate.swift; sourceTree = "<group>"; };
		879177581E0D1AF900DF2E96 /* ViewController.swift */ = {isa = PBXFileReference; lastKnownFileType = sourcecode.swift; path = ViewController.swift; sourceTree = "<group>"; };
		8791775B1E0D1AF900DF2E96 /* Base */ = {isa = PBXFileReference; lastKnownFileType = file.storyboard; name = Base; path = Base.lproj/Main.storyboard; sourceTree = "<group>"; };
		8791775D1E0D1AF900DF2E96 /* Assets.xcassets */ = {isa = PBXFileReference; lastKnownFileType = folder.assetcatalog; path = Assets.xcassets; sourceTree = "<group>"; };
		879177601E0D1AF900DF2E96 /* Base */ = {isa = PBXFileReference; lastKnownFileType = file.storyboard; name = Base; path = Base.lproj/LaunchScreen.storyboard; sourceTree = "<group>"; };
		879177621E0D1AF900DF2E96 /* Info.plist */ = {isa = PBXFileReference; lastKnownFileType = text.plist.xml; path = Info.plist; sourceTree = "<group>"; };
/* End PBXFileReference section */

/* Begin PBXFrameworksBuildPhase section */
		879177501E0D1AF900DF2E96 /* Frameworks */ = {
			isa = PBXFrameworksBuildPhase;
			buildActionMask = 2147483647;
			files = (
			);
			runOnlyForDeploymentPostprocessing = 0;
		};
/* End PBXFrameworksBuildPhase section */

/* Begin PBXGroup section */
		8791774A1E0D1AF900DF2E96 = {
			isa = PBXGroup;
			children = (
				879177551E0D1AF900DF2E96 /* GSettingTest3ByS3 */,
				879177541E0D1AF900DF2E96 /* Products */,
			);
			sourceTree = "<group>";
		};
		879177541E0D1AF900DF2E96 /* Products */ = {
			isa = PBXGroup;
			children = (
				879177531E0D1AF900DF2E96 /* GSettingTest3ByS3.app */,
			);
			name = Products;
			sourceTree = "<group>";
		};
		879177551E0D1AF900DF2E96 /* GSettingTest3ByS3 */ = {
			isa = PBXGroup;
			children = (
				879177561E0D1AF900DF2E96 /* AppDelegate.swift */,
				879177581E0D1AF900DF2E96 /* ViewController.swift */,
				8791775A1E0D1AF900DF2E96 /* Main.storyboard */,
				8791775D1E0D1AF900DF2E96 /* Assets.xcassets */,
				8791775F1E0D1AF900DF2E96 /* LaunchScreen.storyboard */,
				879177621E0D1AF900DF2E96 /* Info.plist */,
			);
			path = GSettingTest3ByS3;
			sourceTree = "<group>";
		};
/* End PBXGroup section */

/* Begin PBXNativeTarget section */
		879177521E0D1AF900DF2E96 /* GSettingTest3ByS3 */ = {
			isa = PBXNativeTarget;
			buildConfigurationList = 879177651E0D1AF900DF2E96 /* Build configuration list for PBXNativeTarget "GSettingTest3ByS3" */;
			buildPhases = (
				8791774F1E0D1AF900DF2E96 /* Sources */,
				879177501E0D1AF900DF2E96 /* Frameworks */,
				879177511E0D1AF900DF2E96 /* Resources */,
			);
			buildRules = (
			);
			dependencies = (
			);
			name = GSettingTest3ByS3;
			productName = GSettingTest3ByS3;
			productReference = 879177531E0D1AF900DF2E96 /* GSettingTest3ByS3.app */;
			productType = "com.apple.product-type.application";
		};
/* End PBXNativeTarget section */

/* Begin PBXProject section */
		8791774B1E0D1AF900DF2E96 /* Project object */ = {
			isa = PBXProject;
			attributes = {
				LastSwiftUpdateCheck = 0820;
				LastUpgradeCheck = 0820;
				ORGANIZATIONNAME = ihuasheng;
				TargetAttributes = {
					879177521E0D1AF900DF2E96 = {
						CreatedOnToolsVersion = 8.2.1;
						ProvisioningStyle = Automatic;
					};
				};
			};
			buildConfigurationList = 8791774E1E0D1AF900DF2E96 /* Build configuration list for PBXProject "GSettingTest3ByS3" */;
			compatibilityVersion = "Xcode 3.2";
			developmentRegion = English;
			hasScannedForEncodings = 0;
			knownRegions = (
				en,
				Base,
			);
			mainGroup = 8791774A1E0D1AF900DF2E96;
			productRefGroup = 879177541E0D1AF900DF2E96 /* Products */;
			projectDirPath = "";
			projectRoot = "";
			targets = (
				879177521E0D1AF900DF2E96 /* GSettingTest3ByS3 */,
			);
		};
/* End PBXProject section */

/* Begin PBXResourcesBuildPhase section */
		879177511E0D1AF900DF2E96 /* Resources */ = {
			isa = PBXResourcesBuildPhase;
			buildActionMask = 2147483647;
			files = (
				879177611E0D1AF900DF2E96 /* LaunchScreen.storyboard in Resources */,
				8791775E1E0D1AF900DF2E96 /* Assets.xcassets in Resources */,
				8791775C1E0D1AF900DF2E96 /* Main.storyboard in Resources */,
			);
			runOnlyForDeploymentPostprocessing = 0;
		};
/* End PBXResourcesBuildPhase section */

/* Begin PBXSourcesBuildPhase section */
		8791774F1E0D1AF900DF2E96 /* Sources */ = {
			isa = PBXSourcesBuildPhase;
			buildActionMask = 2147483647;
			files = (
				879177591E0D1AF900DF2E96 /* ViewController.swift in Sources */,
				879177571E0D1AF900DF2E96 /* AppDelegate.swift in Sources */,
			);
			runOnlyForDeploymentPostprocessing = 0;
		};
/* End PBXSourcesBuildPhase section */

/* Begin PBXVariantGroup section */
		8791775A1E0D1AF900DF2E96 /* Main.storyboard */ = {
			isa = PBXVariantGroup;
			children = (
				8791775B1E0D1AF900DF2E96 /* Base */,
			);
			name = Main.storyboard;
			sourceTree = "<group>";
		};
		8791775F1E0D1AF900DF2E96 /* LaunchScreen.storyboard */ = {
			isa = PBXVariantGroup;
			children = (
				879177601E0D1AF900DF2E96 /* Base */,
			);
			name = LaunchScreen.storyboard;
			sourceTree = "<group>";
		};
/* End PBXVariantGroup section */

/* Begin XCBuildConfiguration section */
		879177631E0D1AF900DF2E96 /* Debug */ = {
			isa = XCBuildConfiguration;
			buildSettings = {
				ALWAYS_SEARCH_USER_PATHS = NO;
				CLANG_ANALYZER_NONNULL = YES;
				CLANG_CXX_LANGUAGE_STANDARD = "gnu++0x";
				CLANG_CXX_LIBRARY = "libc++";
				CLANG_ENABLE_MODULES = YES;
				CLANG_ENABLE_OBJC_ARC = YES;
				CLANG_WARN_BOOL_CONVERSION = YES;
				CLANG_WARN_CONSTANT_CONVERSION = YES;
				CLANG_WARN_DIRECT_OBJC_ISA_USAGE = YES_ERROR;
				CLANG_WARN_DOCUMENTATION_COMMENTS = YES;
				CLANG_WARN_EMPTY_BODY = YES;
				CLANG_WARN_ENUM_CONVERSION = YES;
				CLANG_WARN_INFINITE_RECURSION = YES;
				CLANG_WARN_INT_CONVERSION = YES;
				CLANG_WARN_OBJC_ROOT_CLASS = YES_ERROR;
				CLANG_WARN_SUSPICIOUS_MOVE = YES;
				CLANG_WARN_UNREACHABLE_CODE = YES;
				CLANG_WARN__DUPLICATE_METHOD_MATCH = YES;
				"CODE_SIGN_IDENTITY[sdk=iphoneos*]" = "iPhone Developer";
				COPY_PHASE_STRIP = NO;
				DEBUG_INFORMATION_FORMAT = dwarf;
				ENABLE_STRICT_OBJC_MSGSEND = YES;
				ENABLE_TESTABILITY = YES;
				GCC_C_LANGUAGE_STANDARD = gnu99;
				GCC_DYNAMIC_NO_PIC = NO;
				GCC_NO_COMMON_BLOCKS = YES;
				GCC_OPTIMIZATION_LEVEL = 0;
				GCC_PREPROCESSOR_DEFINITIONS = (
					"DEBUG=1",
					"$(inherited)",
				);
				GCC_WARN_64_TO_32_BIT_CONVERSION = YES;
				GCC_WARN_ABOUT_RETURN_TYPE = YES_ERROR;
				GCC_WARN_UNDECLARED_SELECTOR = YES;
				GCC_WARN_UNINITIALIZED_AUTOS = YES_AGGRESSIVE;
				GCC_WARN_UNUSED_FUNCTION = YES;
				GCC_WARN_UNUSED_VARIABLE = YES;
				IPHONEOS_DEPLOYMENT_TARGET = 10.2;
				MTL_ENABLE_DEBUG_INFO = YES;
				ONLY_ACTIVE_ARCH = YES;
				SDKROOT = iphoneos;
				SWIFT_ACTIVE_COMPILATION_CONDITIONS = DEBUG;
				SWIFT_OPTIMIZATION_LEVEL = "-Onone";
			};
			name = Debug;
		};
		879177641E0D1AF900DF2E96 /* Release */ = {
			isa = XCBuildConfiguration;
			buildSettings = {
				ALWAYS_SEARCH_USER_PATHS = NO;
				CLANG_ANALYZER_NONNULL = YES;
				CLANG_CXX_LANGUAGE_STANDARD = "gnu++0x";
				CLANG_CXX_LIBRARY = "libc++";
				CLANG_ENABLE_MODULES = YES;
				CLANG_ENABLE_OBJC_ARC = YES;
				CLANG_WARN_BOOL_CONVERSION = YES;
				CLANG_WARN_CONSTANT_CONVERSION = YES;
				CLANG_WARN_DIRECT_OBJC_ISA_USAGE = YES_ERROR;
				CLANG_WARN_DOCUMENTATION_COMMENTS = YES;
				CLANG_WARN_EMPTY_BODY = YES;
				CLANG_WARN_ENUM_CONVERSION = YES;
				CLANG_WARN_INFINITE_RECURSION = YES;
				CLANG_WARN_INT_CONVERSION = YES;
				CLANG_WARN_OBJC_ROOT_CLASS = YES_ERROR;
				CLANG_WARN_SUSPICIOUS_MOVE = YES;
				CLANG_WARN_UNREACHABLE_CODE = YES;
				CLANG_WARN__DUPLICATE_METHOD_MATCH = YES;
				"CODE_SIGN_IDENTITY[sdk=iphoneos*]" = "iPhone Developer";
				COPY_PHASE_STRIP = NO;
				DEBUG_INFORMATION_FORMAT = "dwarf-with-dsym";
				ENABLE_NS_ASSERTIONS = NO;
				ENABLE_STRICT_OBJC_MSGSEND = YES;
				GCC_C_LANGUAGE_STANDARD = gnu99;
				GCC_NO_COMMON_BLOCKS = YES;
				GCC_WARN_64_TO_32_BIT_CONVERSION = YES;
				GCC_WARN_ABOUT_RETURN_TYPE = YES_ERROR;
				GCC_WARN_UNDECLARED_SELECTOR = YES;
				GCC_WARN_UNINITIALIZED_AUTOS = YES_AGGRESSIVE;
				GCC_WARN_UNUSED_FUNCTION = YES;
				GCC_WARN_UNUSED_VARIABLE = YES;
				IPHONEOS_DEPLOYMENT_TARGET = 10.2;
				MTL_ENABLE_DEBUG_INFO = NO;
				SDKROOT = iphoneos;
				SWIFT_OPTIMIZATION_LEVEL = "-Owholemodule";
				VALIDATE_PRODUCT = YES;
			};
			name = Release;
		};
		879177661E0D1AF900DF2E96 /* Debug */ = {
			isa = XCBuildConfiguration;
			buildSettings = {
				ASSETCATALOG_COMPILER_APPICON_NAME = AppIcon;
				INFOPLIST_FILE = GSettingTest3ByS3/Info.plist;
				LD_RUNPATH_SEARCH_PATHS = "$(inherited) @executable_path/Frameworks";
				PRODUCT_BUNDLE_IDENTIFIER = com.ihuasheng.GSettingTest3ByS3;
				PRODUCT_NAME = "$(TARGET_NAME)";
				SWIFT_VERSION = 3.0;
			};
			name = Debug;
		};
		879177671E0D1AF900DF2E96 /* Release */ = {
			isa = XCBuildConfiguration;
			buildSettings = {
				ASSETCATALOG_COMPILER_APPICON_NAME = AppIcon;
				INFOPLIST_FILE = GSettingTest3ByS3/Info.plist;
				LD_RUNPATH_SEARCH_PATHS = "$(inherited) @executable_path/Frameworks";
				PRODUCT_BUNDLE_IDENTIFIER = com.ihuasheng.GSettingTest3ByS3;
				PRODUCT_NAME = "$(TARGET_NAME)";
				SWIFT_VERSION = 3.0;
			};
			name = Release;
		};
/* End XCBuildConfiguration section */

/* Begin XCConfigurationList section */
		8791774E1E0D1AF900DF2E96 /* Build configuration list for PBXProject "GSettingTest3ByS3" */ = {
			isa = XCConfigurationList;
			buildConfigurations = (
				879177631E0D1AF900DF2E96 /* Debug */,
				879177641E0D1AF900DF2E96 /* Release */,
			);
			defaultConfigurationIsVisible = 0;
			defaultConfigurationName = Release;
		};
		879177651E0D1AF900DF2E96 /* Build configuration list for PBXNativeTarget "GSettingTest3ByS3" */ = {
			isa = XCConfigurationList;
			buildConfigurations = (
				879177661E0D1AF900DF2E96 /* Debug */,
				879177671E0D1AF900DF2E96 /* Release */,
			);
			defaultConfigurationIsVisible = 0;
		};
/* End XCConfigurationList section */
	};
	rootObject = 8791774B1E0D1AF900DF2E96 /* Project object */;
}
